
Microsoft Visual Studio Solution File, Format Version 12.00
# Visual Studio Version 16
VisualStudioVersion = 16.0.31410.357
MinimumVisualStudioVersion = 10.0.40219.1
Project("{8BC9CEB8-8B4A-11D0-8D11-00A0C91BC942}") = "C-Plus-Plus_heterogeneous", "C-Plus-Plus_heterogeneous\C-Plus-Plus_heterogeneous.vcxproj", "{748175CC-E2E8-43F5-8108-E8B1A01AF57D}"
EndProject
Project("{8BC9CEB8-8B4A-11D0-8D11-00A0C91BC942}") = "Pointer", "Pointer\Pointer.vcxproj", "{654D8A6A-A471-4FB1-881C-44718E3C4BFD}"
EndProject
Project("{8BC9CEB8-8B4A-11D0-8D11-00A0C91BC942}") = "Passing_strings_to_a_function", "Passing_strings_to_a_function\Passing_strings_to_a_function.vcxproj", "{8DD5F282-CCE7-4D3C-8E60-200186E3D3AE}"
EndProject
Project("{8BC9CEB8-8B4A-11D0-8D11-00A0C91BC942}") = "Strings", "Strings\Strings.vcxproj", "{188A5CFB-C773-468D-BF26-4F65A37F46D6}"
EndProject
Project("{8BC9CEB8-8B4A-11D0-8D11-00A0C91BC942}") = "Passing_strings_to_functions", "Passing_strings_to_functions\Passing_strings_to_functions.vcxproj", "{74061F3D-3289-4D11-8094-BDA6ED94A336}"
EndProject
Project("{8BC9CEB8-8B4A-11D0-8D11-00A0C91BC942}") = "Progress Check 1 P185", "Progress Check 1 P185\Progress Check 1 P185.vcxproj", "{7A796059-78B6-4C6D-B97D-A73EEACB802C}"
EndProject
Project("{8BC9CEB8-8B4A-11D0-8D11-00A0C91BC942}") = "Function_returning_pointer", "Function_returning_pointer\Function_returning_pointer.vcxproj", "{56B06FAD-28C6-47B7-AFE3-57933564846E}"
EndProject
Project("{8BC9CEB8-8B4A-11D0-8D11-00A0C91BC942}") = "Function_returning_pointer2", "Function_returning_pointer2\Function_returning_pointer2.vcxproj", "{BBE880E7-B900-491D-B5C2-83EF83DC290B}"
EndProject
Project("{8BC9CEB8-8B4A-11D0-8D11-00A0C91BC942}") = "C++ Strings", "C++ Strings\C++ Strings.vcxproj", "{279BB324-DF82-472F-8ABE-C12701FA32C5}"
EndProject
Project("{8BC9CEB8-8B4A-11D0-8D11-00A0C91BC942}") = "Defining and initializing string", "Defining and initializing string\Defining and initializing string.vcxproj", "{72B6E554-5E1F-47EC-9B5C-85ACD7759D5F}"
EndProject
Project("{8BC9CEB8-8B4A-11D0-8D11-00A0C91BC942}") = "Reading and writing strings", "Reading and writing strings\Reading and writing strings.vcxproj", "{E532B15C-9AD9-4535-8385-B3EF0C27DC05}"
EndProject
Project("{8BC9CEB8-8B4A-11D0-8D11-00A0C91BC942}") = "Reading_and_writing_strings", "Reading_and_writing_strings\Reading_and_writing_strings.vcxproj", "{8FED31F6-2C60-4968-93CD-F959ABCB5875}"
EndProject
Project("{8BC9CEB8-8B4A-11D0-8D11-00A0C91BC942}") = "Test", "Test\Test.vcxproj", "{57454E79-DFED-419D-A336-A158DFCC8527}"
EndProject
Project("{8BC9CEB8-8B4A-11D0-8D11-00A0C91BC942}") = "To access the command-line arguments", "To access the command-line arguments\To access the command-line arguments.vcxproj", "{6C463B5D-F15D-40C0-A3F0-0FE6CDD8E53F}"
EndProject
Project("{8BC9CEB8-8B4A-11D0-8D11-00A0C91BC942}") = "Command-line argument functions", "Command-line argument functions\Command-line argument functions.vcxproj", "{2DE3A694-65F8-4AE1-87A7-28047619E5D6}"
EndProject
Project("{8BC9CEB8-8B4A-11D0-8D11-00A0C91BC942}") = "Recursive", "Recursive\Recursive.vcxproj", "{B5B97667-1ADB-4A37-83CB-350C0550AB04}"
EndProject
Project("{8BC9CEB8-8B4A-11D0-8D11-00A0C91BC942}") = "Recursive2", "Recursive2\Recursive2.vcxproj", "{58C84AF8-C1BF-4B37-B251-6B7488C1592A}"
EndProject
Project("{8BC9CEB8-8B4A-11D0-8D11-00A0C91BC942}") = "Recursion3", "Recursion3\Recursion3.vcxproj", "{7D1B37A0-17D9-4024-84C4-867D9FFCFA28}"
EndProject
Project("{8BC9CEB8-8B4A-11D0-8D11-00A0C91BC942}") = "Class", "Class\Class.vcxproj", "{77DE462C-3CA4-42F2-BF57-BA27317C9E23}"
EndProject
Project("{8BC9CEB8-8B4A-11D0-8D11-00A0C91BC942}") = "Private", "Private\Private.vcxproj", "{522972AE-EC89-4D8A-AAD9-E12E05577B35}"
EndProject
Project("{8BC9CEB8-8B4A-11D0-8D11-00A0C91BC942}") = "Objects", "Objects\Objects.vcxproj", "{3C0514B2-7E1A-417C-857A-FA58D11C477F}"
EndProject
Project("{8BC9CEB8-8B4A-11D0-8D11-00A0C91BC942}") = "Kao_task_March_18", "Kao_task_March_18\Kao_task_March_18.vcxproj", "{972A4670-CAF1-477B-A807-DCA74AB053F8}"
EndProject
Project("{8BC9CEB8-8B4A-11D0-8D11-00A0C91BC942}") = "Kao_taskII_March18", "Kao_taskII_March18\Kao_taskII_March18.vcxproj", "{76AF1EB2-D8AF-476C-A9FB-69B82CECD974}"
EndProject
Project("{8BC9CEB8-8B4A-11D0-8D11-00A0C91BC942}") = "Kao_taskIII_March18", "Kao_taskIII_March18\Kao_taskIII_March18.vcxproj", "{37DAB477-17E4-4596-A58A-F1CC6AFC52BB}"
EndProject
Project("{8BC9CEB8-8B4A-11D0-8D11-00A0C91BC942}") = "Kao_taskIV_March18", "Kao_taskIV_March18\Kao_taskIV_March18.vcxproj", "{A5FAFC62-7F79-4C43-9368-210C7B32C344}"
EndProject
Project("{8BC9CEB8-8B4A-11D0-8D11-00A0C91BC942}") = "Kao_taskV_March18", "Kao_taskV_March18\Kao_taskV_March18.vcxproj", "{7D0849A7-E4A9-4857-A090-2D87E78863B1}"
EndProject
Project("{8BC9CEB8-8B4A-11D0-8D11-00A0C91BC942}") = "Incremental_decremental", "Incremental_decremental\Incremental_decremental.vcxproj", "{DC8B9540-4C81-45C0-85A7-7E0E47840882}"
EndProject
Project("{8BC9CEB8-8B4A-11D0-8D11-00A0C91BC942}") = "Kao_TaskVI_March18", "Kao_TaskVI_March18\Kao_TaskVI_March18.vcxproj", "{90DEA44A-2FF8-4A39-A80F-DF36FD1009CB}"
EndProject
Project("{8BC9CEB8-8B4A-11D0-8D11-00A0C91BC942}") = "Kao_taskVII_March18", "Kao_taskVII_March18\Kao_taskVII_March18.vcxproj", "{04B89538-8D11-423B-9D4A-D9DE6B49A102}"
EndProject
Global
	GlobalSection(SolutionConfigurationPlatforms) = preSolution
		Debug|x64 = Debug|x64
		Debug|x86 = Debug|x86
		Release|x64 = Release|x64
		Release|x86 = Release|x86
	EndGlobalSection
	GlobalSection(ProjectConfigurationPlatforms) = postSolution
		{748175CC-E2E8-43F5-8108-E8B1A01AF57D}.Debug|x64.ActiveCfg = Debug|x64
		{748175CC-E2E8-43F5-8108-E8B1A01AF57D}.Debug|x64.Build.0 = Debug|x64
		{748175CC-E2E8-43F5-8108-E8B1A01AF57D}.Debug|x86.ActiveCfg = Debug|Win32
		{748175CC-E2E8-43F5-8108-E8B1A01AF57D}.Debug|x86.Build.0 = Debug|Win32
		{748175CC-E2E8-43F5-8108-E8B1A01AF57D}.Release|x64.ActiveCfg = Release|x64
		{748175CC-E2E8-43F5-8108-E8B1A01AF57D}.Release|x64.Build.0 = Release|x64
		{748175CC-E2E8-43F5-8108-E8B1A01AF57D}.Release|x86.ActiveCfg = Release|Win32
		{748175CC-E2E8-43F5-8108-E8B1A01AF57D}.Release|x86.Build.0 = Release|Win32
		{654D8A6A-A471-4FB1-881C-44718E3C4BFD}.Debug|x64.ActiveCfg = Debug|x64
		{654D8A6A-A471-4FB1-881C-44718E3C4BFD}.Debug|x64.Build.0 = Debug|x64
		{654D8A6A-A471-4FB1-881C-44718E3C4BFD}.Debug|x86.ActiveCfg = Debug|Win32
		{654D8A6A-A471-4FB1-881C-44718E3C4BFD}.Debug|x86.Build.0 = Debug|Win32
		{654D8A6A-A471-4FB1-881C-44718E3C4BFD}.Release|x64.ActiveCfg = Release|x64
		{654D8A6A-A471-4FB1-881C-44718E3C4BFD}.Release|x64.Build.0 = Release|x64
		{654D8A6A-A471-4FB1-881C-44718E3C4BFD}.Release|x86.ActiveCfg = Release|Win32
		{654D8A6A-A471-4FB1-881C-44718E3C4BFD}.Release|x86.Build.0 = Release|Win32
		{8DD5F282-CCE7-4D3C-8E60-200186E3D3AE}.Debug|x64.ActiveCfg = Debug|x64
		{8DD5F282-CCE7-4D3C-8E60-200186E3D3AE}.Debug|x64.Build.0 = Debug|x64
		{8DD5F282-CCE7-4D3C-8E60-200186E3D3AE}.Debug|x86.ActiveCfg = Debug|Win32
		{8DD5F282-CCE7-4D3C-8E60-200186E3D3AE}.Debug|x86.Build.0 = Debug|Win32
		{8DD5F282-CCE7-4D3C-8E60-200186E3D3AE}.Release|x64.ActiveCfg = Release|x64
		{8DD5F282-CCE7-4D3C-8E60-200186E3D3AE}.Release|x64.Build.0 = Release|x64
		{8DD5F282-CCE7-4D3C-8E60-200186E3D3AE}.Release|x86.ActiveCfg = Release|Win32
		{8DD5F282-CCE7-4D3C-8E60-200186E3D3AE}.Release|x86.Build.0 = Release|Win32
		{188A5CFB-C773-468D-BF26-4F65A37F46D6}.Debug|x64.ActiveCfg = Debug|x64
		{188A5CFB-C773-468D-BF26-4F65A37F46D6}.Debug|x64.Build.0 = Debug|x64
		{188A5CFB-C773-468D-BF26-4F65A37F46D6}.Debug|x86.ActiveCfg = Debug|Win32
		{188A5CFB-C773-468D-BF26-4F65A37F46D6}.Debug|x86.Build.0 = Debug|Win32
		{188A5CFB-C773-468D-BF26-4F65A37F46D6}.Release|x64.ActiveCfg = Release|x64
		{188A5CFB-C773-468D-BF26-4F65A37F46D6}.Release|x64.Build.0 = Release|x64
		{188A5CFB-C773-468D-BF26-4F65A37F46D6}.Release|x86.ActiveCfg = Release|Win32
		{188A5CFB-C773-468D-BF26-4F65A37F46D6}.Release|x86.Build.0 = Release|Win32
		{74061F3D-3289-4D11-8094-BDA6ED94A336}.Debug|x64.ActiveCfg = Debug|x64
		{74061F3D-3289-4D11-8094-BDA6ED94A336}.Debug|x64.Build.0 = Debug|x64
		{74061F3D-3289-4D11-8094-BDA6ED94A336}.Debug|x86.ActiveCfg = Debug|Win32
		{74061F3D-3289-4D11-8094-BDA6ED94A336}.Debug|x86.Build.0 = Debug|Win32
		{74061F3D-3289-4D11-8094-BDA6ED94A336}.Release|x64.ActiveCfg = Release|x64
		{74061F3D-3289-4D11-8094-BDA6ED94A336}.Release|x64.Build.0 = Release|x64
		{74061F3D-3289-4D11-8094-BDA6ED94A336}.Release|x86.ActiveCfg = Release|Win32
		{74061F3D-3289-4D11-8094-BDA6ED94A336}.Release|x86.Build.0 = Release|Win32
		{7A796059-78B6-4C6D-B97D-A73EEACB802C}.Debug|x64.ActiveCfg = Debug|x64
		{7A796059-78B6-4C6D-B97D-A73EEACB802C}.Debug|x64.Build.0 = Debug|x64
		{7A796059-78B6-4C6D-B97D-A73EEACB802C}.Debug|x86.ActiveCfg = Debug|Win32
		{7A796059-78B6-4C6D-B97D-A73EEACB802C}.Debug|x86.Build.0 = Debug|Win32
		{7A796059-78B6-4C6D-B97D-A73EEACB802C}.Release|x64.ActiveCfg = Release|x64
		{7A796059-78B6-4C6D-B97D-A73EEACB802C}.Release|x64.Build.0 = Release|x64
		{7A796059-78B6-4C6D-B97D-A73EEACB802C}.Release|x86.ActiveCfg = Release|Win32
		{7A796059-78B6-4C6D-B97D-A73EEACB802C}.Release|x86.Build.0 = Release|Win32
		{56B06FAD-28C6-47B7-AFE3-57933564846E}.Debug|x64.ActiveCfg = Debug|x64
		{56B06FAD-28C6-47B7-AFE3-57933564846E}.Debug|x64.Build.0 = Debug|x64
		{56B06FAD-28C6-47B7-AFE3-57933564846E}.Debug|x86.ActiveCfg = Debug|Win32
		{56B06FAD-28C6-47B7-AFE3-57933564846E}.Debug|x86.Build.0 = Debug|Win32
		{56B06FAD-28C6-47B7-AFE3-57933564846E}.Release|x64.ActiveCfg = Release|x64
		{56B06FAD-28C6-47B7-AFE3-57933564846E}.Release|x64.Build.0 = Release|x64
		{56B06FAD-28C6-47B7-AFE3-57933564846E}.Release|x86.ActiveCfg = Release|Win32
		{56B06FAD-28C6-47B7-AFE3-57933564846E}.Release|x86.Build.0 = Release|Win32
		{BBE880E7-B900-491D-B5C2-83EF83DC290B}.Debug|x64.ActiveCfg = Debug|x64
		{BBE880E7-B900-491D-B5C2-83EF83DC290B}.Debug|x64.Build.0 = Debug|x64
		{BBE880E7-B900-491D-B5C2-83EF83DC290B}.Debug|x86.ActiveCfg = Debug|Win32
		{BBE880E7-B900-491D-B5C2-83EF83DC290B}.Debug|x86.Build.0 = Debug|Win32
		{BBE880E7-B900-491D-B5C2-83EF83DC290B}.Release|x64.ActiveCfg = Release|x64
		{BBE880E7-B900-491D-B5C2-83EF83DC290B}.Release|x64.Build.0 = Release|x64
		{BBE880E7-B900-491D-B5C2-83EF83DC290B}.Release|x86.ActiveCfg = Release|Win32
		{BBE880E7-B900-491D-B5C2-83EF83DC290B}.Release|x86.Build.0 = Release|Win32
		{279BB324-DF82-472F-8ABE-C12701FA32C5}.Debug|x64.ActiveCfg = Debug|x64
		{279BB324-DF82-472F-8ABE-C12701FA32C5}.Debug|x64.Build.0 = Debug|x64
		{279BB324-DF82-472F-8ABE-C12701FA32C5}.Debug|x86.ActiveCfg = Debug|Win32
		{279BB324-DF82-472F-8ABE-C12701FA32C5}.Debug|x86.Build.0 = Debug|Win32
		{279BB324-DF82-472F-8ABE-C12701FA32C5}.Release|x64.ActiveCfg = Release|x64
		{279BB324-DF82-472F-8ABE-C12701FA32C5}.Release|x64.Build.0 = Release|x64
		{279BB324-DF82-472F-8ABE-C12701FA32C5}.Release|x86.ActiveCfg = Release|Win32
		{279BB324-DF82-472F-8ABE-C12701FA32C5}.Release|x86.Build.0 = Release|Win32
		{72B6E554-5E1F-47EC-9B5C-85ACD7759D5F}.Debug|x64.ActiveCfg = Debug|x64
		{72B6E554-5E1F-47EC-9B5C-85ACD7759D5F}.Debug|x64.Build.0 = Debug|x64
		{72B6E554-5E1F-47EC-9B5C-85ACD7759D5F}.Debug|x86.ActiveCfg = Debug|Win32
		{72B6E554-5E1F-47EC-9B5C-85ACD7759D5F}.Debug|x86.Build.0 = Debug|Win32
		{72B6E554-5E1F-47EC-9B5C-85ACD7759D5F}.Release|x64.ActiveCfg = Release|x64
		{72B6E554-5E1F-47EC-9B5C-85ACD7759D5F}.Release|x64.Build.0 = Release|x64
		{72B6E554-5E1F-47EC-9B5C-85ACD7759D5F}.Release|x86.ActiveCfg = Release|Win32
		{72B6E554-5E1F-47EC-9B5C-85ACD7759D5F}.Release|x86.Build.0 = Release|Win32
		{E532B15C-9AD9-4535-8385-B3EF0C27DC05}.Debug|x64.ActiveCfg = Debug|x64
		{E532B15C-9AD9-4535-8385-B3EF0C27DC05}.Debug|x64.Build.0 = Debug|x64
		{E532B15C-9AD9-4535-8385-B3EF0C27DC05}.Debug|x86.ActiveCfg = Debug|Win32
		{E532B15C-9AD9-4535-8385-B3EF0C27DC05}.Debug|x86.Build.0 = Debug|Win32
		{E532B15C-9AD9-4535-8385-B3EF0C27DC05}.Release|x64.ActiveCfg = Release|x64
		{E532B15C-9AD9-4535-8385-B3EF0C27DC05}.Release|x64.Build.0 = Release|x64
		{E532B15C-9AD9-4535-8385-B3EF0C27DC05}.Release|x86.ActiveCfg = Release|Win32
		{E532B15C-9AD9-4535-8385-B3EF0C27DC05}.Release|x86.Build.0 = Release|Win32
		{8FED31F6-2C60-4968-93CD-F959ABCB5875}.Debug|x64.ActiveCfg = Debug|x64
		{8FED31F6-2C60-4968-93CD-F959ABCB5875}.Debug|x64.Build.0 = Debug|x64
		{8FED31F6-2C60-4968-93CD-F959ABCB5875}.Debug|x86.ActiveCfg = Debug|Win32
		{8FED31F6-2C60-4968-93CD-F959ABCB5875}.Debug|x86.Build.0 = Debug|Win32
		{8FED31F6-2C60-4968-93CD-F959ABCB5875}.Release|x64.ActiveCfg = Release|x64
		{8FED31F6-2C60-4968-93CD-F959ABCB5875}.Release|x64.Build.0 = Release|x64
		{8FED31F6-2C60-4968-93CD-F959ABCB5875}.Release|x86.ActiveCfg = Release|Win32
		{8FED31F6-2C60-4968-93CD-F959ABCB5875}.Release|x86.Build.0 = Release|Win32
		{57454E79-DFED-419D-A336-A158DFCC8527}.Debug|x64.ActiveCfg = Debug|x64
		{57454E79-DFED-419D-A336-A158DFCC8527}.Debug|x64.Build.0 = Debug|x64
		{57454E79-DFED-419D-A336-A158DFCC8527}.Debug|x86.ActiveCfg = Debug|Win32
		{57454E79-DFED-419D-A336-A158DFCC8527}.Debug|x86.Build.0 = Debug|Win32
		{57454E79-DFED-419D-A336-A158DFCC8527}.Release|x64.ActiveCfg = Release|x64
		{57454E79-DFED-419D-A336-A158DFCC8527}.Release|x64.Build.0 = Release|x64
		{57454E79-DFED-419D-A336-A158DFCC8527}.Release|x86.ActiveCfg = Release|Win32
		{57454E79-DFED-419D-A336-A158DFCC8527}.Release|x86.Build.0 = Release|Win32
		{6C463B5D-F15D-40C0-A3F0-0FE6CDD8E53F}.Debug|x64.ActiveCfg = Debug|x64
		{6C463B5D-F15D-40C0-A3F0-0FE6CDD8E53F}.Debug|x64.Build.0 = Debug|x64
		{6C463B5D-F15D-40C0-A3F0-0FE6CDD8E53F}.Debug|x86.ActiveCfg = Debug|Win32
		{6C463B5D-F15D-40C0-A3F0-0FE6CDD8E53F}.Debug|x86.Build.0 = Debug|Win32
		{6C463B5D-F15D-40C0-A3F0-0FE6CDD8E53F}.Release|x64.ActiveCfg = Release|x64
		{6C463B5D-F15D-40C0-A3F0-0FE6CDD8E53F}.Release|x64.Build.0 = Release|x64
		{6C463B5D-F15D-40C0-A3F0-0FE6CDD8E53F}.Release|x86.ActiveCfg = Release|Win32
		{6C463B5D-F15D-40C0-A3F0-0FE6CDD8E53F}.Release|x86.Build.0 = Release|Win32
		{2DE3A694-65F8-4AE1-87A7-28047619E5D6}.Debug|x64.ActiveCfg = Debug|x64
		{2DE3A694-65F8-4AE1-87A7-28047619E5D6}.Debug|x64.Build.0 = Debug|x64
		{2DE3A694-65F8-4AE1-87A7-28047619E5D6}.Debug|x86.ActiveCfg = Debug|Win32
		{2DE3A694-65F8-4AE1-87A7-28047619E5D6}.Debug|x86.Build.0 = Debug|Win32
		{2DE3A694-65F8-4AE1-87A7-28047619E5D6}.Release|x64.ActiveCfg = Release|x64
		{2DE3A694-65F8-4AE1-87A7-28047619E5D6}.Release|x64.Build.0 = Release|x64
		{2DE3A694-65F8-4AE1-87A7-28047619E5D6}.Release|x86.ActiveCfg = Release|Win32
		{2DE3A694-65F8-4AE1-87A7-28047619E5D6}.Release|x86.Build.0 = Release|Win32
		{B5B97667-1ADB-4A37-83CB-350C0550AB04}.Debug|x64.ActiveCfg = Debug|x64
		{B5B97667-1ADB-4A37-83CB-350C0550AB04}.Debug|x64.Build.0 = Debug|x64
		{B5B97667-1ADB-4A37-83CB-350C0550AB04}.Debug|x86.ActiveCfg = Debug|Win32
		{B5B97667-1ADB-4A37-83CB-350C0550AB04}.Debug|x86.Build.0 = Debug|Win32
		{B5B97667-1ADB-4A37-83CB-350C0550AB04}.Release|x64.ActiveCfg = Release|x64
		{B5B97667-1ADB-4A37-83CB-350C0550AB04}.Release|x64.Build.0 = Release|x64
		{B5B97667-1ADB-4A37-83CB-350C0550AB04}.Release|x86.ActiveCfg = Release|Win32
		{B5B97667-1ADB-4A37-83CB-350C0550AB04}.Release|x86.Build.0 = Release|Win32
		{58C84AF8-C1BF-4B37-B251-6B7488C1592A}.Debug|x64.ActiveCfg = Debug|x64
		{58C84AF8-C1BF-4B37-B251-6B7488C1592A}.Debug|x64.Build.0 = Debug|x64
		{58C84AF8-C1BF-4B37-B251-6B7488C1592A}.Debug|x86.ActiveCfg = Debug|Win32
		{58C84AF8-C1BF-4B37-B251-6B7488C1592A}.Debug|x86.Build.0 = Debug|Win32
		{58C84AF8-C1BF-4B37-B251-6B7488C1592A}.Release|x64.ActiveCfg = Release|x64
		{58C84AF8-C1BF-4B37-B251-6B7488C1592A}.Release|x64.Build.0 = Release|x64
		{58C84AF8-C1BF-4B37-B251-6B7488C1592A}.Release|x86.ActiveCfg = Release|Win32
		{58C84AF8-C1BF-4B37-B251-6B7488C1592A}.Release|x86.Build.0 = Release|Win32
		{7D1B37A0-17D9-4024-84C4-867D9FFCFA28}.Debug|x64.ActiveCfg = Debug|x64
		{7D1B37A0-17D9-4024-84C4-867D9FFCFA28}.Debug|x64.Build.0 = Debug|x64
		{7D1B37A0-17D9-4024-84C4-867D9FFCFA28}.Debug|x86.ActiveCfg = Debug|Win32
		{7D1B37A0-17D9-4024-84C4-867D9FFCFA28}.Debug|x86.Build.0 = Debug|Win32
		{7D1B37A0-17D9-4024-84C4-867D9FFCFA28}.Release|x64.ActiveCfg = Release|x64
		{7D1B37A0-17D9-4024-84C4-867D9FFCFA28}.Release|x64.Build.0 = Release|x64
		{7D1B37A0-17D9-4024-84C4-867D9FFCFA28}.Release|x86.ActiveCfg = Release|Win32
		{7D1B37A0-17D9-4024-84C4-867D9FFCFA28}.Release|x86.Build.0 = Release|Win32
		{77DE462C-3CA4-42F2-BF57-BA27317C9E23}.Debug|x64.ActiveCfg = Debug|x64
		{77DE462C-3CA4-42F2-BF57-BA27317C9E23}.Debug|x64.Build.0 = Debug|x64
		{77DE462C-3CA4-42F2-BF57-BA27317C9E23}.Debug|x86.ActiveCfg = Debug|Win32
		{77DE462C-3CA4-42F2-BF57-BA27317C9E23}.Debug|x86.Build.0 = Debug|Win32
		{77DE462C-3CA4-42F2-BF57-BA27317C9E23}.Release|x64.ActiveCfg = Release|x64
		{77DE462C-3CA4-42F2-BF57-BA27317C9E23}.Release|x64.Build.0 = Release|x64
		{77DE462C-3CA4-42F2-BF57-BA27317C9E23}.Release|x86.ActiveCfg = Release|Win32
		{77DE462C-3CA4-42F2-BF57-BA27317C9E23}.Release|x86.Build.0 = Release|Win32
		{522972AE-EC89-4D8A-AAD9-E12E05577B35}.Debug|x64.ActiveCfg = Debug|x64
		{522972AE-EC89-4D8A-AAD9-E12E05577B35}.Debug|x64.Build.0 = Debug|x64
		{522972AE-EC89-4D8A-AAD9-E12E05577B35}.Debug|x86.ActiveCfg = Debug|Win32
		{522972AE-EC89-4D8A-AAD9-E12E05577B35}.Debug|x86.Build.0 = Debug|Win32
		{522972AE-EC89-4D8A-AAD9-E12E05577B35}.Release|x64.ActiveCfg = Release|x64
		{522972AE-EC89-4D8A-AAD9-E12E05577B35}.Release|x64.Build.0 = Release|x64
		{522972AE-EC89-4D8A-AAD9-E12E05577B35}.Release|x86.ActiveCfg = Release|Win32
		{522972AE-EC89-4D8A-AAD9-E12E05577B35}.Release|x86.Build.0 = Release|Win32
		{3C0514B2-7E1A-417C-857A-FA58D11C477F}.Debug|x64.ActiveCfg = Debug|x64
		{3C0514B2-7E1A-417C-857A-FA58D11C477F}.Debug|x64.Build.0 = Debug|x64
		{3C0514B2-7E1A-417C-857A-FA58D11C477F}.Debug|x86.ActiveCfg = Debug|Win32
		{3C0514B2-7E1A-417C-857A-FA58D11C477F}.Debug|x86.Build.0 = Debug|Win32
		{3C0514B2-7E1A-417C-857A-FA58D11C477F}.Release|x64.ActiveCfg = Release|x64
		{3C0514B2-7E1A-417C-857A-FA58D11C477F}.Release|x64.Build.0 = Release|x64
		{3C0514B2-7E1A-417C-857A-FA58D11C477F}.Release|x86.ActiveCfg = Release|Win32
		{3C0514B2-7E1A-417C-857A-FA58D11C477F}.Release|x86.Build.0 = Release|Win32
		{972A4670-CAF1-477B-A807-DCA74AB053F8}.Debug|x64.ActiveCfg = Debug|x64
		{972A4670-CAF1-477B-A807-DCA74AB053F8}.Debug|x64.Build.0 = Debug|x64
		{972A4670-CAF1-477B-A807-DCA74AB053F8}.Debug|x86.ActiveCfg = Debug|Win32
		{972A4670-CAF1-477B-A807-DCA74AB053F8}.Debug|x86.Build.0 = Debug|Win32
		{972A4670-CAF1-477B-A807-DCA74AB053F8}.Release|x64.ActiveCfg = Release|x64
		{972A4670-CAF1-477B-A807-DCA74AB053F8}.Release|x64.Build.0 = Release|x64
		{972A4670-CAF1-477B-A807-DCA74AB053F8}.Release|x86.ActiveCfg = Release|Win32
		{972A4670-CAF1-477B-A807-DCA74AB053F8}.Release|x86.Build.0 = Release|Win32
		{76AF1EB2-D8AF-476C-A9FB-69B82CECD974}.Debug|x64.ActiveCfg = Debug|x64
		{76AF1EB2-D8AF-476C-A9FB-69B82CECD974}.Debug|x64.Build.0 = Debug|x64
		{76AF1EB2-D8AF-476C-A9FB-69B82CECD974}.Debug|x86.ActiveCfg = Debug|Win32
		{76AF1EB2-D8AF-476C-A9FB-69B82CECD974}.Debug|x86.Build.0 = Debug|Win32
		{76AF1EB2-D8AF-476C-A9FB-69B82CECD974}.Release|x64.ActiveCfg = Release|x64
		{76AF1EB2-D8AF-476C-A9FB-69B82CECD974}.Release|x64.Build.0 = Release|x64
		{76AF1EB2-D8AF-476C-A9FB-69B82CECD974}.Release|x86.ActiveCfg = Release|Win32
		{76AF1EB2-D8AF-476C-A9FB-69B82CECD974}.Release|x86.Build.0 = Release|Win32
		{37DAB477-17E4-4596-A58A-F1CC6AFC52BB}.Debug|x64.ActiveCfg = Debug|x64
		{37DAB477-17E4-4596-A58A-F1CC6AFC52BB}.Debug|x64.Build.0 = Debug|x64
		{37DAB477-17E4-4596-A58A-F1CC6AFC52BB}.Debug|x86.ActiveCfg = Debug|Win32
		{37DAB477-17E4-4596-A58A-F1CC6AFC52BB}.Debug|x86.Build.0 = Debug|Win32
		{37DAB477-17E4-4596-A58A-F1CC6AFC52BB}.Release|x64.ActiveCfg = Release|x64
		{37DAB477-17E4-4596-A58A-F1CC6AFC52BB}.Release|x64.Build.0 = Release|x64
		{37DAB477-17E4-4596-A58A-F1CC6AFC52BB}.Release|x86.ActiveCfg = Release|Win32
		{37DAB477-17E4-4596-A58A-F1CC6AFC52BB}.Release|x86.Build.0 = Release|Win32
		{A5FAFC62-7F79-4C43-9368-210C7B32C344}.Debug|x64.ActiveCfg = Debug|x64
		{A5FAFC62-7F79-4C43-9368-210C7B32C344}.Debug|x64.Build.0 = Debug|x64
		{A5FAFC62-7F79-4C43-9368-210C7B32C344}.Debug|x86.ActiveCfg = Debug|Win32
		{A5FAFC62-7F79-4C43-9368-210C7B32C344}.Debug|x86.Build.0 = Debug|Win32
		{A5FAFC62-7F79-4C43-9368-210C7B32C344}.Release|x64.ActiveCfg = Release|x64
		{A5FAFC62-7F79-4C43-9368-210C7B32C344}.Release|x64.Build.0 = Release|x64
		{A5FAFC62-7F79-4C43-9368-210C7B32C344}.Release|x86.ActiveCfg = Release|Win32
		{A5FAFC62-7F79-4C43-9368-210C7B32C344}.Release|x86.Build.0 = Release|Win32
		{7D0849A7-E4A9-4857-A090-2D87E78863B1}.Debug|x64.ActiveCfg = Debug|x64
		{7D0849A7-E4A9-4857-A090-2D87E78863B1}.Debug|x64.Build.0 = Debug|x64
		{7D0849A7-E4A9-4857-A090-2D87E78863B1}.Debug|x86.ActiveCfg = Debug|Win32
		{7D0849A7-E4A9-4857-A090-2D87E78863B1}.Debug|x86.Build.0 = Debug|Win32
		{7D0849A7-E4A9-4857-A090-2D87E78863B1}.Release|x64.ActiveCfg = Release|x64
		{7D0849A7-E4A9-4857-A090-2D87E78863B1}.Release|x64.Build.0 = Release|x64
		{7D0849A7-E4A9-4857-A090-2D87E78863B1}.Release|x86.ActiveCfg = Release|Win32
		{7D0849A7-E4A9-4857-A090-2D87E78863B1}.Release|x86.Build.0 = Release|Win32
		{DC8B9540-4C81-45C0-85A7-7E0E47840882}.Debug|x64.ActiveCfg = Debug|x64
		{DC8B9540-4C81-45C0-85A7-7E0E47840882}.Debug|x64.Build.0 = Debug|x64
		{DC8B9540-4C81-45C0-85A7-7E0E47840882}.Debug|x86.ActiveCfg = Debug|Win32
		{DC8B9540-4C81-45C0-85A7-7E0E47840882}.Debug|x86.Build.0 = Debug|Win32
		{DC8B9540-4C81-45C0-85A7-7E0E47840882}.Release|x64.ActiveCfg = Release|x64
		{DC8B9540-4C81-45C0-85A7-7E0E47840882}.Release|x64.Build.0 = Release|x64
		{DC8B9540-4C81-45C0-85A7-7E0E47840882}.Release|x86.ActiveCfg = Release|Win32
		{DC8B9540-4C81-45C0-85A7-7E0E47840882}.Release|x86.Build.0 = Release|Win32
		{90DEA44A-2FF8-4A39-A80F-DF36FD1009CB}.Debug|x64.ActiveCfg = Debug|x64
		{90DEA44A-2FF8-4A39-A80F-DF36FD1009CB}.Debug|x64.Build.0 = Debug|x64
		{90DEA44A-2FF8-4A39-A80F-DF36FD1009CB}.Debug|x86.ActiveCfg = Debug|Win32
		{90DEA44A-2FF8-4A39-A80F-DF36FD1009CB}.Debug|x86.Build.0 = Debug|Win32
		{90DEA44A-2FF8-4A39-A80F-DF36FD1009CB}.Release|x64.ActiveCfg = Release|x64
		{90DEA44A-2FF8-4A39-A80F-DF36FD1009CB}.Release|x64.Build.0 = Release|x64
		{90DEA44A-2FF8-4A39-A80F-DF36FD1009CB}.Release|x86.ActiveCfg = Release|Win32
		{90DEA44A-2FF8-4A39-A80F-DF36FD1009CB}.Release|x86.Build.0 = Release|Win32
		{04B89538-8D11-423B-9D4A-D9DE6B49A102}.Debug|x64.ActiveCfg = Debug|x64
		{04B89538-8D11-423B-9D4A-D9DE6B49A102}.Debug|x64.Build.0 = Debug|x64
		{04B89538-8D11-423B-9D4A-D9DE6B49A102}.Debug|x86.ActiveCfg = Debug|Win32
		{04B89538-8D11-423B-9D4A-D9DE6B49A102}.Debug|x86.Build.0 = Debug|Win32
		{04B89538-8D11-423B-9D4A-D9DE6B49A102}.Release|x64.ActiveCfg = Release|x64
		{04B89538-8D11-423B-9D4A-D9DE6B49A102}.Release|x64.Build.0 = Release|x64
		{04B89538-8D11-423B-9D4A-D9DE6B49A102}.Release|x86.ActiveCfg = Release|Win32
		{04B89538-8D11-423B-9D4A-D9DE6B49A102}.Release|x86.Build.0 = Release|Win32
	EndGlobalSection
	GlobalSection(SolutionProperties) = preSolution
		HideSolutionNode = FALSE
	EndGlobalSection
	GlobalSection(ExtensibilityGlobals) = postSolution
		SolutionGuid = {F4B81A66-96AB-4CE6-8844-29EB8B67DBBC}
	EndGlobalSection
EndGlobal
