
Microsoft Visual Studio Solution File, Format Version 12.00
# Visual Studio Version 16
VisualStudioVersion = 16.0.31410.357
MinimumVisualStudioVersion = 10.0.40219.1
Project("{8BC9CEB8-8B4A-11D0-8D11-00A0C91BC942}") = "C-Plus-Plus_heterogeneous", "C-Plus-Plus_heterogeneous\C-Plus-Plus_heterogeneous.vcxproj", "{748175CC-E2E8-43F5-8108-E8B1A01AF57D}"
EndProject
Project("{8BC9CEB8-8B4A-11D0-8D11-00A0C91BC942}") = "Pointer", "Pointer\Pointer.vcxproj", "{654D8A6A-A471-4FB1-881C-44718E3C4BFD}"
EndProject
Project("{8BC9CEB8-8B4A-11D0-8D11-00A0C91BC942}") = "Passing_strings_to_a_function", "Passing_strings_to_a_function\Passing_strings_to_a_function.vcxproj", "{8DD5F282-CCE7-4D3C-8E60-200186E3D3AE}"
EndProject
Project("{8BC9CEB8-8B4A-11D0-8D11-00A0C91BC942}") = "Strings", "Strings\Strings.vcxproj", "{188A5CFB-C773-468D-BF26-4F65A37F46D6}"
EndProject
Project("{8BC9CEB8-8B4A-11D0-8D11-00A0C91BC942}") = "Passing_strings_to_functions", "Passing_strings_to_functions\Passing_strings_to_functions.vcxproj", "{74061F3D-3289-4D11-8094-BDA6ED94A336}"
EndProject
Project("{8BC9CEB8-8B4A-11D0-8D11-00A0C91BC942}") = "Progress Check 1 P185", "Progress Check 1 P185\Progress Check 1 P185.vcxproj", "{7A796059-78B6-4C6D-B97D-A73EEACB802C}"
EndProject
Project("{8BC9CEB8-8B4A-11D0-8D11-00A0C91BC942}") = "Function_returning_pointer", "Function_returning_pointer\Function_returning_pointer.vcxproj", "{56B06FAD-28C6-47B7-AFE3-57933564846E}"
EndProject
Global
	GlobalSection(SolutionConfigurationPlatforms) = preSolution
		Debug|x64 = Debug|x64
		Debug|x86 = Debug|x86
		Release|x64 = Release|x64
		Release|x86 = Release|x86
	EndGlobalSection
	GlobalSection(ProjectConfigurationPlatforms) = postSolution
		{748175CC-E2E8-43F5-8108-E8B1A01AF57D}.Debug|x64.ActiveCfg = Debug|x64
		{748175CC-E2E8-43F5-8108-E8B1A01AF57D}.Debug|x64.Build.0 = Debug|x64
		{748175CC-E2E8-43F5-8108-E8B1A01AF57D}.Debug|x86.ActiveCfg = Debug|Win32
		{748175CC-E2E8-43F5-8108-E8B1A01AF57D}.Debug|x86.Build.0 = Debug|Win32
		{748175CC-E2E8-43F5-8108-E8B1A01AF57D}.Release|x64.ActiveCfg = Release|x64
		{748175CC-E2E8-43F5-8108-E8B1A01AF57D}.Release|x64.Build.0 = Release|x64
		{748175CC-E2E8-43F5-8108-E8B1A01AF57D}.Release|x86.ActiveCfg = Release|Win32
		{748175CC-E2E8-43F5-8108-E8B1A01AF57D}.Release|x86.Build.0 = Release|Win32
		{654D8A6A-A471-4FB1-881C-44718E3C4BFD}.Debug|x64.ActiveCfg = Debug|x64
		{654D8A6A-A471-4FB1-881C-44718E3C4BFD}.Debug|x64.Build.0 = Debug|x64
		{654D8A6A-A471-4FB1-881C-44718E3C4BFD}.Debug|x86.ActiveCfg = Debug|Win32
		{654D8A6A-A471-4FB1-881C-44718E3C4BFD}.Debug|x86.Build.0 = Debug|Win32
		{654D8A6A-A471-4FB1-881C-44718E3C4BFD}.Release|x64.ActiveCfg = Release|x64
		{654D8A6A-A471-4FB1-881C-44718E3C4BFD}.Release|x64.Build.0 = Release|x64
		{654D8A6A-A471-4FB1-881C-44718E3C4BFD}.Release|x86.ActiveCfg = Release|Win32
		{654D8A6A-A471-4FB1-881C-44718E3C4BFD}.Release|x86.Build.0 = Release|Win32
		{8DD5F282-CCE7-4D3C-8E60-200186E3D3AE}.Debug|x64.ActiveCfg = Debug|x64
		{8DD5F282-CCE7-4D3C-8E60-200186E3D3AE}.Debug|x64.Build.0 = Debug|x64
		{8DD5F282-CCE7-4D3C-8E60-200186E3D3AE}.Debug|x86.ActiveCfg = Debug|Win32
		{8DD5F282-CCE7-4D3C-8E60-200186E3D3AE}.Debug|x86.Build.0 = Debug|Win32
		{8DD5F282-CCE7-4D3C-8E60-200186E3D3AE}.Release|x64.ActiveCfg = Release|x64
		{8DD5F282-CCE7-4D3C-8E60-200186E3D3AE}.Release|x64.Build.0 = Release|x64
		{8DD5F282-CCE7-4D3C-8E60-200186E3D3AE}.Release|x86.ActiveCfg = Release|Win32
		{8DD5F282-CCE7-4D3C-8E60-200186E3D3AE}.Release|x86.Build.0 = Release|Win32
		{188A5CFB-C773-468D-BF26-4F65A37F46D6}.Debug|x64.ActiveCfg = Debug|x64
		{188A5CFB-C773-468D-BF26-4F65A37F46D6}.Debug|x64.Build.0 = Debug|x64
		{188A5CFB-C773-468D-BF26-4F65A37F46D6}.Debug|x86.ActiveCfg = Debug|Win32
		{188A5CFB-C773-468D-BF26-4F65A37F46D6}.Debug|x86.Build.0 = Debug|Win32
		{188A5CFB-C773-468D-BF26-4F65A37F46D6}.Release|x64.ActiveCfg = Release|x64
		{188A5CFB-C773-468D-BF26-4F65A37F46D6}.Release|x64.Build.0 = Release|x64
		{188A5CFB-C773-468D-BF26-4F65A37F46D6}.Release|x86.ActiveCfg = Release|Win32
		{188A5CFB-C773-468D-BF26-4F65A37F46D6}.Release|x86.Build.0 = Release|Win32
		{74061F3D-3289-4D11-8094-BDA6ED94A336}.Debug|x64.ActiveCfg = Debug|x64
		{74061F3D-3289-4D11-8094-BDA6ED94A336}.Debug|x64.Build.0 = Debug|x64
		{74061F3D-3289-4D11-8094-BDA6ED94A336}.Debug|x86.ActiveCfg = Debug|Win32
		{74061F3D-3289-4D11-8094-BDA6ED94A336}.Debug|x86.Build.0 = Debug|Win32
		{74061F3D-3289-4D11-8094-BDA6ED94A336}.Release|x64.ActiveCfg = Release|x64
		{74061F3D-3289-4D11-8094-BDA6ED94A336}.Release|x64.Build.0 = Release|x64
		{74061F3D-3289-4D11-8094-BDA6ED94A336}.Release|x86.ActiveCfg = Release|Win32
		{74061F3D-3289-4D11-8094-BDA6ED94A336}.Release|x86.Build.0 = Release|Win32
		{7A796059-78B6-4C6D-B97D-A73EEACB802C}.Debug|x64.ActiveCfg = Debug|x64
		{7A796059-78B6-4C6D-B97D-A73EEACB802C}.Debug|x64.Build.0 = Debug|x64
		{7A796059-78B6-4C6D-B97D-A73EEACB802C}.Debug|x86.ActiveCfg = Debug|Win32
		{7A796059-78B6-4C6D-B97D-A73EEACB802C}.Debug|x86.Build.0 = Debug|Win32
		{7A796059-78B6-4C6D-B97D-A73EEACB802C}.Release|x64.ActiveCfg = Release|x64
		{7A796059-78B6-4C6D-B97D-A73EEACB802C}.Release|x64.Build.0 = Release|x64
		{7A796059-78B6-4C6D-B97D-A73EEACB802C}.Release|x86.ActiveCfg = Release|Win32
		{7A796059-78B6-4C6D-B97D-A73EEACB802C}.Release|x86.Build.0 = Release|Win32
		{56B06FAD-28C6-47B7-AFE3-57933564846E}.Debug|x64.ActiveCfg = Debug|x64
		{56B06FAD-28C6-47B7-AFE3-57933564846E}.Debug|x64.Build.0 = Debug|x64
		{56B06FAD-28C6-47B7-AFE3-57933564846E}.Debug|x86.ActiveCfg = Debug|Win32
		{56B06FAD-28C6-47B7-AFE3-57933564846E}.Debug|x86.Build.0 = Debug|Win32
		{56B06FAD-28C6-47B7-AFE3-57933564846E}.Release|x64.ActiveCfg = Release|x64
		{56B06FAD-28C6-47B7-AFE3-57933564846E}.Release|x64.Build.0 = Release|x64
		{56B06FAD-28C6-47B7-AFE3-57933564846E}.Release|x86.ActiveCfg = Release|Win32
		{56B06FAD-28C6-47B7-AFE3-57933564846E}.Release|x86.Build.0 = Release|Win32
	EndGlobalSection
	GlobalSection(SolutionProperties) = preSolution
		HideSolutionNode = FALSE
	EndGlobalSection
	GlobalSection(ExtensibilityGlobals) = postSolution
		SolutionGuid = {F4B81A66-96AB-4CE6-8844-29EB8B67DBBC}
	EndGlobalSection
EndGlobal
