
Microsoft Visual Studio Solution File, Format Version 12.00
# Visual Studio Version 16
VisualStudioVersion = 16.0.31410.357
MinimumVisualStudioVersion = 10.0.40219.1
Project("{8BC9CEB8-8B4A-11D0-8D11-00A0C91BC942}") = "C-Plus-Plus_heterogeneous", "C-Plus-Plus_heterogeneous\C-Plus-Plus_heterogeneous.vcxproj", "{748175CC-E2E8-43F5-8108-E8B1A01AF57D}"
EndProject
Project("{8BC9CEB8-8B4A-11D0-8D11-00A0C91BC942}") = "Pointer", "Pointer\Pointer.vcxproj", "{654D8A6A-A471-4FB1-881C-44718E3C4BFD}"
EndProject
Project("{8BC9CEB8-8B4A-11D0-8D11-00A0C91BC942}") = "Passing_strings_to_a_function", "Passing_strings_to_a_function\Passing_strings_to_a_function.vcxproj", "{8DD5F282-CCE7-4D3C-8E60-200186E3D3AE}"
EndProject
Project("{8BC9CEB8-8B4A-11D0-8D11-00A0C91BC942}") = "Strings", "Strings\Strings.vcxproj", "{188A5CFB-C773-468D-BF26-4F65A37F46D6}"
EndProject
Project("{8BC9CEB8-8B4A-11D0-8D11-00A0C91BC942}") = "Passing_strings_to_functions", "Passing_strings_to_functions\Passing_strings_to_functions.vcxproj", "{74061F3D-3289-4D11-8094-BDA6ED94A336}"
EndProject
Project("{8BC9CEB8-8B4A-11D0-8D11-00A0C91BC942}") = "Progress Check 1 P185", "Progress Check 1 P185\Progress Check 1 P185.vcxproj", "{7A796059-78B6-4C6D-B97D-A73EEACB802C}"
EndProject
Project("{8BC9CEB8-8B4A-11D0-8D11-00A0C91BC942}") = "Function_returning_pointer", "Function_returning_pointer\Function_returning_pointer.vcxproj", "{56B06FAD-28C6-47B7-AFE3-57933564846E}"
EndProject
Project("{8BC9CEB8-8B4A-11D0-8D11-00A0C91BC942}") = "Function_returning_pointer2", "Function_returning_pointer2\Function_returning_pointer2.vcxproj", "{BBE880E7-B900-491D-B5C2-83EF83DC290B}"
EndProject
Project("{8BC9CEB8-8B4A-11D0-8D11-00A0C91BC942}") = "C++ Strings", "C++ Strings\C++ Strings.vcxproj", "{279BB324-DF82-472F-8ABE-C12701FA32C5}"
EndProject
Project("{8BC9CEB8-8B4A-11D0-8D11-00A0C91BC942}") = "Defining and initializing string", "Defining and initializing string\Defining and initializing string.vcxproj", "{72B6E554-5E1F-47EC-9B5C-85ACD7759D5F}"
EndProject
Project("{8BC9CEB8-8B4A-11D0-8D11-00A0C91BC942}") = "Reading and writing strings", "Reading and writing strings\Reading and writing strings.vcxproj", "{E532B15C-9AD9-4535-8385-B3EF0C27DC05}"
EndProject
Project("{8BC9CEB8-8B4A-11D0-8D11-00A0C91BC942}") = "Reading_and_writing_strings", "Reading_and_writing_strings\Reading_and_writing_strings.vcxproj", "{8FED31F6-2C60-4968-93CD-F959ABCB5875}"
EndProject
Project("{8BC9CEB8-8B4A-11D0-8D11-00A0C91BC942}") = "Test", "Test\Test.vcxproj", "{57454E79-DFED-419D-A336-A158DFCC8527}"
EndProject
Project("{8BC9CEB8-8B4A-11D0-8D11-00A0C91BC942}") = "To access the command-line arguments", "To access the command-line arguments\To access the command-line arguments.vcxproj", "{6C463B5D-F15D-40C0-A3F0-0FE6CDD8E53F}"
EndProject
Project("{8BC9CEB8-8B4A-11D0-8D11-00A0C91BC942}") = "Command-line argument functions", "Command-line argument functions\Command-line argument functions.vcxproj", "{2DE3A694-65F8-4AE1-87A7-28047619E5D6}"
EndProject
Project("{8BC9CEB8-8B4A-11D0-8D11-00A0C91BC942}") = "Recursive", "Recursive\Recursive.vcxproj", "{B5B97667-1ADB-4A37-83CB-350C0550AB04}"
EndProject
Project("{8BC9CEB8-8B4A-11D0-8D11-00A0C91BC942}") = "Recursive2", "Recursive2\Recursive2.vcxproj", "{58C84AF8-C1BF-4B37-B251-6B7488C1592A}"
EndProject
Project("{8BC9CEB8-8B4A-11D0-8D11-00A0C91BC942}") = "Recursion3", "Recursion3\Recursion3.vcxproj", "{7D1B37A0-17D9-4024-84C4-867D9FFCFA28}"
EndProject
Project("{8BC9CEB8-8B4A-11D0-8D11-00A0C91BC942}") = "Class", "Class\Class.vcxproj", "{77DE462C-3CA4-42F2-BF57-BA27317C9E23}"
EndProject
Project("{8BC9CEB8-8B4A-11D0-8D11-00A0C91BC942}") = "Private", "Private\Private.vcxproj", "{522972AE-EC89-4D8A-AAD9-E12E05577B35}"
EndProject
Project("{8BC9CEB8-8B4A-11D0-8D11-00A0C91BC942}") = "Objects", "Objects\Objects.vcxproj", "{3C0514B2-7E1A-417C-857A-FA58D11C477F}"
EndProject
Project("{8BC9CEB8-8B4A-11D0-8D11-00A0C91BC942}") = "Print_echo", "Print_echo\Print_echo.vcxproj", "{16B04CC6-5D83-4A6A-98A1-3081B4505477}"
EndProject
Project("{8BC9CEB8-8B4A-11D0-8D11-00A0C91BC942}") = "Arrays_of_pointers", "Arrays_of_pointers\Arrays_of_pointers.vcxproj", "{CE282A8F-5C73-4E03-88CA-298B604221C0}"
EndProject
Project("{8BC9CEB8-8B4A-11D0-8D11-00A0C91BC942}") = "Revisiting_arrays", "Revisiting_arrays\Revisiting_arrays.vcxproj", "{763D285D-78AD-471B-B4FA-C4B394B4371D}"
EndProject
Project("{8BC9CEB8-8B4A-11D0-8D11-00A0C91BC942}") = "QuickSort", "QuickSort\QuickSort.vcxproj", "{A567391F-2461-484F-BBC2-73201C199D9A}"
EndProject
Project("{8BC9CEB8-8B4A-11D0-8D11-00A0C91BC942}") = "Quick_sort_input", "Quick_sort_input\Quick_sort_input.vcxproj", "{96899C04-0EF7-4181-9490-B1AE026B601F}"
EndProject
Project("{8BC9CEB8-8B4A-11D0-8D11-00A0C91BC942}") = "String object", "String object\String object.vcxproj", "{B1066B01-DDE1-484E-9D20-5D1BB0BA1E4A}"
EndProject
Project("{8BC9CEB8-8B4A-11D0-8D11-00A0C91BC942}") = "String as character array", "String as character array\String as character array.vcxproj", "{671D3B51-F812-4648-B6C6-D6DE26C418E5}"
EndProject
Project("{8BC9CEB8-8B4A-11D0-8D11-00A0C91BC942}") = "String as character array2", "String as character array2\String as character array2.vcxproj", "{6C876ABB-2842-48AB-9B37-30CB49DAAAA9}"
EndProject
Project("{8BC9CEB8-8B4A-11D0-8D11-00A0C91BC942}") = "Quick_sort_algorithm", "Quick_sort_algorithm\Quick_sort_algorithm.vcxproj", "{1FBFDA6F-CE2C-4BE1-A9CB-5BC5C51C97AB}"
EndProject
Project("{8BC9CEB8-8B4A-11D0-8D11-00A0C91BC942}") = "Quick_sort", "Quick_sort\Quick_sort.vcxproj", "{DF08C05E-90AF-49F2-BFEA-E4B09E8349F3}"
EndProject
Project("{8BC9CEB8-8B4A-11D0-8D11-00A0C91BC942}") = "Quick_sort_using_the_built-in library", "Quick_sort_using_the_built-in library\Quick_sort_using_the_built-in library.vcxproj", "{D071030B-A517-4403-B4A1-D530EFC2E2DA}"
EndProject
Project("{8BC9CEB8-8B4A-11D0-8D11-00A0C91BC942}") = "string", "string\string.vcxproj", "{5443B4AE-9D00-406C-8AFB-5D0759BABCEC}"
EndProject
Project("{8BC9CEB8-8B4A-11D0-8D11-00A0C91BC942}") = "Test2", "Test2\Test2.vcxproj", "{29D93B0F-9B1E-4A33-8496-03EF8ECEB2C4}"
EndProject
Project("{8BC9CEB8-8B4A-11D0-8D11-00A0C91BC942}") = "Test3", "Test3\Test3.vcxproj", "{849C6844-FF54-4CCF-B243-579E1865CF22}"
EndProject
Project("{8BC9CEB8-8B4A-11D0-8D11-00A0C91BC942}") = "Test4", "Test4\Test4.vcxproj", "{CA86FB1A-021A-40FC-901D-B693363750B9}"
EndProject
Project("{8BC9CEB8-8B4A-11D0-8D11-00A0C91BC942}") = "Test5", "Test5\Test5.vcxproj", "{986DD189-55BB-44C6-8928-2AD12F59C2CD}"
EndProject
Project("{8BC9CEB8-8B4A-11D0-8D11-00A0C91BC942}") = "Test6", "Test6\Test6.vcxproj", "{3D800D15-0A87-42F1-8AF0-52B173F51715}"
EndProject
Project("{8BC9CEB8-8B4A-11D0-8D11-00A0C91BC942}") = "Test7", "Test7\Test7.vcxproj", "{10E0CA63-A240-417C-86D2-DE63BCE7CD1A}"
EndProject
Project("{8BC9CEB8-8B4A-11D0-8D11-00A0C91BC942}") = "Test8", "Test8\Test8.vcxproj", "{B271B70C-E434-42D0-8206-0E64A76C5A27}"
EndProject
Project("{8BC9CEB8-8B4A-11D0-8D11-00A0C91BC942}") = "Test9", "Test9\Test9.vcxproj", "{18B9A1D9-C88E-4A73-9109-AF7A3725AE74}"
EndProject
Project("{8BC9CEB8-8B4A-11D0-8D11-00A0C91BC942}") = "Test10", "Test10\Test10.vcxproj", "{3F59110A-A519-449E-9117-56F303170323}"
EndProject
Project("{8BC9CEB8-8B4A-11D0-8D11-00A0C91BC942}") = "Test11", "Test11\Test11.vcxproj", "{A4BC166C-FFCD-4FE0-A2CD-A1D1B0B7D6B8}"
EndProject
Project("{8BC9CEB8-8B4A-11D0-8D11-00A0C91BC942}") = "Test12", "Test12\Test12.vcxproj", "{4673DF65-8641-4A83-8619-E10CB9989B2C}"
EndProject
Project("{8BC9CEB8-8B4A-11D0-8D11-00A0C91BC942}") = "Module5 Mastery Check 2", "Module5 Mastery Check 2\Module5 Mastery Check 2.vcxproj", "{54A85517-2E2B-4BA9-939E-F8E87563C1D7}"
EndProject
Global
	GlobalSection(SolutionConfigurationPlatforms) = preSolution
		Debug|x64 = Debug|x64
		Debug|x86 = Debug|x86
		Release|x64 = Release|x64
		Release|x86 = Release|x86
	EndGlobalSection
	GlobalSection(ProjectConfigurationPlatforms) = postSolution
		{748175CC-E2E8-43F5-8108-E8B1A01AF57D}.Debug|x64.ActiveCfg = Debug|x64
		{748175CC-E2E8-43F5-8108-E8B1A01AF57D}.Debug|x64.Build.0 = Debug|x64
		{748175CC-E2E8-43F5-8108-E8B1A01AF57D}.Debug|x86.ActiveCfg = Debug|Win32
		{748175CC-E2E8-43F5-8108-E8B1A01AF57D}.Debug|x86.Build.0 = Debug|Win32
		{748175CC-E2E8-43F5-8108-E8B1A01AF57D}.Release|x64.ActiveCfg = Release|x64
		{748175CC-E2E8-43F5-8108-E8B1A01AF57D}.Release|x64.Build.0 = Release|x64
		{748175CC-E2E8-43F5-8108-E8B1A01AF57D}.Release|x86.ActiveCfg = Release|Win32
		{748175CC-E2E8-43F5-8108-E8B1A01AF57D}.Release|x86.Build.0 = Release|Win32
		{654D8A6A-A471-4FB1-881C-44718E3C4BFD}.Debug|x64.ActiveCfg = Debug|x64
		{654D8A6A-A471-4FB1-881C-44718E3C4BFD}.Debug|x64.Build.0 = Debug|x64
		{654D8A6A-A471-4FB1-881C-44718E3C4BFD}.Debug|x86.ActiveCfg = Debug|Win32
		{654D8A6A-A471-4FB1-881C-44718E3C4BFD}.Debug|x86.Build.0 = Debug|Win32
		{654D8A6A-A471-4FB1-881C-44718E3C4BFD}.Release|x64.ActiveCfg = Release|x64
		{654D8A6A-A471-4FB1-881C-44718E3C4BFD}.Release|x64.Build.0 = Release|x64
		{654D8A6A-A471-4FB1-881C-44718E3C4BFD}.Release|x86.ActiveCfg = Release|Win32
		{654D8A6A-A471-4FB1-881C-44718E3C4BFD}.Release|x86.Build.0 = Release|Win32
		{8DD5F282-CCE7-4D3C-8E60-200186E3D3AE}.Debug|x64.ActiveCfg = Debug|x64
		{8DD5F282-CCE7-4D3C-8E60-200186E3D3AE}.Debug|x64.Build.0 = Debug|x64
		{8DD5F282-CCE7-4D3C-8E60-200186E3D3AE}.Debug|x86.ActiveCfg = Debug|Win32
		{8DD5F282-CCE7-4D3C-8E60-200186E3D3AE}.Debug|x86.Build.0 = Debug|Win32
		{8DD5F282-CCE7-4D3C-8E60-200186E3D3AE}.Release|x64.ActiveCfg = Release|x64
		{8DD5F282-CCE7-4D3C-8E60-200186E3D3AE}.Release|x64.Build.0 = Release|x64
		{8DD5F282-CCE7-4D3C-8E60-200186E3D3AE}.Release|x86.ActiveCfg = Release|Win32
		{8DD5F282-CCE7-4D3C-8E60-200186E3D3AE}.Release|x86.Build.0 = Release|Win32
		{188A5CFB-C773-468D-BF26-4F65A37F46D6}.Debug|x64.ActiveCfg = Debug|x64
		{188A5CFB-C773-468D-BF26-4F65A37F46D6}.Debug|x64.Build.0 = Debug|x64
		{188A5CFB-C773-468D-BF26-4F65A37F46D6}.Debug|x86.ActiveCfg = Debug|Win32
		{188A5CFB-C773-468D-BF26-4F65A37F46D6}.Debug|x86.Build.0 = Debug|Win32
		{188A5CFB-C773-468D-BF26-4F65A37F46D6}.Release|x64.ActiveCfg = Release|x64
		{188A5CFB-C773-468D-BF26-4F65A37F46D6}.Release|x64.Build.0 = Release|x64
		{188A5CFB-C773-468D-BF26-4F65A37F46D6}.Release|x86.ActiveCfg = Release|Win32
		{188A5CFB-C773-468D-BF26-4F65A37F46D6}.Release|x86.Build.0 = Release|Win32
		{74061F3D-3289-4D11-8094-BDA6ED94A336}.Debug|x64.ActiveCfg = Debug|x64
		{74061F3D-3289-4D11-8094-BDA6ED94A336}.Debug|x64.Build.0 = Debug|x64
		{74061F3D-3289-4D11-8094-BDA6ED94A336}.Debug|x86.ActiveCfg = Debug|Win32
		{74061F3D-3289-4D11-8094-BDA6ED94A336}.Debug|x86.Build.0 = Debug|Win32
		{74061F3D-3289-4D11-8094-BDA6ED94A336}.Release|x64.ActiveCfg = Release|x64
		{74061F3D-3289-4D11-8094-BDA6ED94A336}.Release|x64.Build.0 = Release|x64
		{74061F3D-3289-4D11-8094-BDA6ED94A336}.Release|x86.ActiveCfg = Release|Win32
		{74061F3D-3289-4D11-8094-BDA6ED94A336}.Release|x86.Build.0 = Release|Win32
		{7A796059-78B6-4C6D-B97D-A73EEACB802C}.Debug|x64.ActiveCfg = Debug|x64
		{7A796059-78B6-4C6D-B97D-A73EEACB802C}.Debug|x64.Build.0 = Debug|x64
		{7A796059-78B6-4C6D-B97D-A73EEACB802C}.Debug|x86.ActiveCfg = Debug|Win32
		{7A796059-78B6-4C6D-B97D-A73EEACB802C}.Debug|x86.Build.0 = Debug|Win32
		{7A796059-78B6-4C6D-B97D-A73EEACB802C}.Release|x64.ActiveCfg = Release|x64
		{7A796059-78B6-4C6D-B97D-A73EEACB802C}.Release|x64.Build.0 = Release|x64
		{7A796059-78B6-4C6D-B97D-A73EEACB802C}.Release|x86.ActiveCfg = Release|Win32
		{7A796059-78B6-4C6D-B97D-A73EEACB802C}.Release|x86.Build.0 = Release|Win32
		{56B06FAD-28C6-47B7-AFE3-57933564846E}.Debug|x64.ActiveCfg = Debug|x64
		{56B06FAD-28C6-47B7-AFE3-57933564846E}.Debug|x64.Build.0 = Debug|x64
		{56B06FAD-28C6-47B7-AFE3-57933564846E}.Debug|x86.ActiveCfg = Debug|Win32
		{56B06FAD-28C6-47B7-AFE3-57933564846E}.Debug|x86.Build.0 = Debug|Win32
		{56B06FAD-28C6-47B7-AFE3-57933564846E}.Release|x64.ActiveCfg = Release|x64
		{56B06FAD-28C6-47B7-AFE3-57933564846E}.Release|x64.Build.0 = Release|x64
		{56B06FAD-28C6-47B7-AFE3-57933564846E}.Release|x86.ActiveCfg = Release|Win32
		{56B06FAD-28C6-47B7-AFE3-57933564846E}.Release|x86.Build.0 = Release|Win32
		{BBE880E7-B900-491D-B5C2-83EF83DC290B}.Debug|x64.ActiveCfg = Debug|x64
		{BBE880E7-B900-491D-B5C2-83EF83DC290B}.Debug|x64.Build.0 = Debug|x64
		{BBE880E7-B900-491D-B5C2-83EF83DC290B}.Debug|x86.ActiveCfg = Debug|Win32
		{BBE880E7-B900-491D-B5C2-83EF83DC290B}.Debug|x86.Build.0 = Debug|Win32
		{BBE880E7-B900-491D-B5C2-83EF83DC290B}.Release|x64.ActiveCfg = Release|x64
		{BBE880E7-B900-491D-B5C2-83EF83DC290B}.Release|x64.Build.0 = Release|x64
		{BBE880E7-B900-491D-B5C2-83EF83DC290B}.Release|x86.ActiveCfg = Release|Win32
		{BBE880E7-B900-491D-B5C2-83EF83DC290B}.Release|x86.Build.0 = Release|Win32
		{279BB324-DF82-472F-8ABE-C12701FA32C5}.Debug|x64.ActiveCfg = Debug|x64
		{279BB324-DF82-472F-8ABE-C12701FA32C5}.Debug|x64.Build.0 = Debug|x64
		{279BB324-DF82-472F-8ABE-C12701FA32C5}.Debug|x86.ActiveCfg = Debug|Win32
		{279BB324-DF82-472F-8ABE-C12701FA32C5}.Debug|x86.Build.0 = Debug|Win32
		{279BB324-DF82-472F-8ABE-C12701FA32C5}.Release|x64.ActiveCfg = Release|x64
		{279BB324-DF82-472F-8ABE-C12701FA32C5}.Release|x64.Build.0 = Release|x64
		{279BB324-DF82-472F-8ABE-C12701FA32C5}.Release|x86.ActiveCfg = Release|Win32
		{279BB324-DF82-472F-8ABE-C12701FA32C5}.Release|x86.Build.0 = Release|Win32
		{72B6E554-5E1F-47EC-9B5C-85ACD7759D5F}.Debug|x64.ActiveCfg = Debug|x64
		{72B6E554-5E1F-47EC-9B5C-85ACD7759D5F}.Debug|x64.Build.0 = Debug|x64
		{72B6E554-5E1F-47EC-9B5C-85ACD7759D5F}.Debug|x86.ActiveCfg = Debug|Win32
		{72B6E554-5E1F-47EC-9B5C-85ACD7759D5F}.Debug|x86.Build.0 = Debug|Win32
		{72B6E554-5E1F-47EC-9B5C-85ACD7759D5F}.Release|x64.ActiveCfg = Release|x64
		{72B6E554-5E1F-47EC-9B5C-85ACD7759D5F}.Release|x64.Build.0 = Release|x64
		{72B6E554-5E1F-47EC-9B5C-85ACD7759D5F}.Release|x86.ActiveCfg = Release|Win32
		{72B6E554-5E1F-47EC-9B5C-85ACD7759D5F}.Release|x86.Build.0 = Release|Win32
		{E532B15C-9AD9-4535-8385-B3EF0C27DC05}.Debug|x64.ActiveCfg = Debug|x64
		{E532B15C-9AD9-4535-8385-B3EF0C27DC05}.Debug|x64.Build.0 = Debug|x64
		{E532B15C-9AD9-4535-8385-B3EF0C27DC05}.Debug|x86.ActiveCfg = Debug|Win32
		{E532B15C-9AD9-4535-8385-B3EF0C27DC05}.Debug|x86.Build.0 = Debug|Win32
		{E532B15C-9AD9-4535-8385-B3EF0C27DC05}.Release|x64.ActiveCfg = Release|x64
		{E532B15C-9AD9-4535-8385-B3EF0C27DC05}.Release|x64.Build.0 = Release|x64
		{E532B15C-9AD9-4535-8385-B3EF0C27DC05}.Release|x86.ActiveCfg = Release|Win32
		{E532B15C-9AD9-4535-8385-B3EF0C27DC05}.Release|x86.Build.0 = Release|Win32
		{8FED31F6-2C60-4968-93CD-F959ABCB5875}.Debug|x64.ActiveCfg = Debug|x64
		{8FED31F6-2C60-4968-93CD-F959ABCB5875}.Debug|x64.Build.0 = Debug|x64
		{8FED31F6-2C60-4968-93CD-F959ABCB5875}.Debug|x86.ActiveCfg = Debug|Win32
		{8FED31F6-2C60-4968-93CD-F959ABCB5875}.Debug|x86.Build.0 = Debug|Win32
		{8FED31F6-2C60-4968-93CD-F959ABCB5875}.Release|x64.ActiveCfg = Release|x64
		{8FED31F6-2C60-4968-93CD-F959ABCB5875}.Release|x64.Build.0 = Release|x64
		{8FED31F6-2C60-4968-93CD-F959ABCB5875}.Release|x86.ActiveCfg = Release|Win32
		{8FED31F6-2C60-4968-93CD-F959ABCB5875}.Release|x86.Build.0 = Release|Win32
		{57454E79-DFED-419D-A336-A158DFCC8527}.Debug|x64.ActiveCfg = Debug|x64
		{57454E79-DFED-419D-A336-A158DFCC8527}.Debug|x64.Build.0 = Debug|x64
		{57454E79-DFED-419D-A336-A158DFCC8527}.Debug|x86.ActiveCfg = Debug|Win32
		{57454E79-DFED-419D-A336-A158DFCC8527}.Debug|x86.Build.0 = Debug|Win32
		{57454E79-DFED-419D-A336-A158DFCC8527}.Release|x64.ActiveCfg = Release|x64
		{57454E79-DFED-419D-A336-A158DFCC8527}.Release|x64.Build.0 = Release|x64
		{57454E79-DFED-419D-A336-A158DFCC8527}.Release|x86.ActiveCfg = Release|Win32
		{57454E79-DFED-419D-A336-A158DFCC8527}.Release|x86.Build.0 = Release|Win32
		{6C463B5D-F15D-40C0-A3F0-0FE6CDD8E53F}.Debug|x64.ActiveCfg = Debug|x64
		{6C463B5D-F15D-40C0-A3F0-0FE6CDD8E53F}.Debug|x64.Build.0 = Debug|x64
		{6C463B5D-F15D-40C0-A3F0-0FE6CDD8E53F}.Debug|x86.ActiveCfg = Debug|Win32
		{6C463B5D-F15D-40C0-A3F0-0FE6CDD8E53F}.Debug|x86.Build.0 = Debug|Win32
		{6C463B5D-F15D-40C0-A3F0-0FE6CDD8E53F}.Release|x64.ActiveCfg = Release|x64
		{6C463B5D-F15D-40C0-A3F0-0FE6CDD8E53F}.Release|x64.Build.0 = Release|x64
		{6C463B5D-F15D-40C0-A3F0-0FE6CDD8E53F}.Release|x86.ActiveCfg = Release|Win32
		{6C463B5D-F15D-40C0-A3F0-0FE6CDD8E53F}.Release|x86.Build.0 = Release|Win32
		{2DE3A694-65F8-4AE1-87A7-28047619E5D6}.Debug|x64.ActiveCfg = Debug|x64
		{2DE3A694-65F8-4AE1-87A7-28047619E5D6}.Debug|x64.Build.0 = Debug|x64
		{2DE3A694-65F8-4AE1-87A7-28047619E5D6}.Debug|x86.ActiveCfg = Debug|Win32
		{2DE3A694-65F8-4AE1-87A7-28047619E5D6}.Debug|x86.Build.0 = Debug|Win32
		{2DE3A694-65F8-4AE1-87A7-28047619E5D6}.Release|x64.ActiveCfg = Release|x64
		{2DE3A694-65F8-4AE1-87A7-28047619E5D6}.Release|x64.Build.0 = Release|x64
		{2DE3A694-65F8-4AE1-87A7-28047619E5D6}.Release|x86.ActiveCfg = Release|Win32
		{2DE3A694-65F8-4AE1-87A7-28047619E5D6}.Release|x86.Build.0 = Release|Win32
		{B5B97667-1ADB-4A37-83CB-350C0550AB04}.Debug|x64.ActiveCfg = Debug|x64
		{B5B97667-1ADB-4A37-83CB-350C0550AB04}.Debug|x64.Build.0 = Debug|x64
		{B5B97667-1ADB-4A37-83CB-350C0550AB04}.Debug|x86.ActiveCfg = Debug|Win32
		{B5B97667-1ADB-4A37-83CB-350C0550AB04}.Debug|x86.Build.0 = Debug|Win32
		{B5B97667-1ADB-4A37-83CB-350C0550AB04}.Release|x64.ActiveCfg = Release|x64
		{B5B97667-1ADB-4A37-83CB-350C0550AB04}.Release|x64.Build.0 = Release|x64
		{B5B97667-1ADB-4A37-83CB-350C0550AB04}.Release|x86.ActiveCfg = Release|Win32
		{B5B97667-1ADB-4A37-83CB-350C0550AB04}.Release|x86.Build.0 = Release|Win32
		{58C84AF8-C1BF-4B37-B251-6B7488C1592A}.Debug|x64.ActiveCfg = Debug|x64
		{58C84AF8-C1BF-4B37-B251-6B7488C1592A}.Debug|x64.Build.0 = Debug|x64
		{58C84AF8-C1BF-4B37-B251-6B7488C1592A}.Debug|x86.ActiveCfg = Debug|Win32
		{58C84AF8-C1BF-4B37-B251-6B7488C1592A}.Debug|x86.Build.0 = Debug|Win32
		{58C84AF8-C1BF-4B37-B251-6B7488C1592A}.Release|x64.ActiveCfg = Release|x64
		{58C84AF8-C1BF-4B37-B251-6B7488C1592A}.Release|x64.Build.0 = Release|x64
		{58C84AF8-C1BF-4B37-B251-6B7488C1592A}.Release|x86.ActiveCfg = Release|Win32
		{58C84AF8-C1BF-4B37-B251-6B7488C1592A}.Release|x86.Build.0 = Release|Win32
		{7D1B37A0-17D9-4024-84C4-867D9FFCFA28}.Debug|x64.ActiveCfg = Debug|x64
		{7D1B37A0-17D9-4024-84C4-867D9FFCFA28}.Debug|x64.Build.0 = Debug|x64
		{7D1B37A0-17D9-4024-84C4-867D9FFCFA28}.Debug|x86.ActiveCfg = Debug|Win32
		{7D1B37A0-17D9-4024-84C4-867D9FFCFA28}.Debug|x86.Build.0 = Debug|Win32
		{7D1B37A0-17D9-4024-84C4-867D9FFCFA28}.Release|x64.ActiveCfg = Release|x64
		{7D1B37A0-17D9-4024-84C4-867D9FFCFA28}.Release|x64.Build.0 = Release|x64
		{7D1B37A0-17D9-4024-84C4-867D9FFCFA28}.Release|x86.ActiveCfg = Release|Win32
		{7D1B37A0-17D9-4024-84C4-867D9FFCFA28}.Release|x86.Build.0 = Release|Win32
		{77DE462C-3CA4-42F2-BF57-BA27317C9E23}.Debug|x64.ActiveCfg = Debug|x64
		{77DE462C-3CA4-42F2-BF57-BA27317C9E23}.Debug|x64.Build.0 = Debug|x64
		{77DE462C-3CA4-42F2-BF57-BA27317C9E23}.Debug|x86.ActiveCfg = Debug|Win32
		{77DE462C-3CA4-42F2-BF57-BA27317C9E23}.Debug|x86.Build.0 = Debug|Win32
		{77DE462C-3CA4-42F2-BF57-BA27317C9E23}.Release|x64.ActiveCfg = Release|x64
		{77DE462C-3CA4-42F2-BF57-BA27317C9E23}.Release|x64.Build.0 = Release|x64
		{77DE462C-3CA4-42F2-BF57-BA27317C9E23}.Release|x86.ActiveCfg = Release|Win32
		{77DE462C-3CA4-42F2-BF57-BA27317C9E23}.Release|x86.Build.0 = Release|Win32
		{522972AE-EC89-4D8A-AAD9-E12E05577B35}.Debug|x64.ActiveCfg = Debug|x64
		{522972AE-EC89-4D8A-AAD9-E12E05577B35}.Debug|x64.Build.0 = Debug|x64
		{522972AE-EC89-4D8A-AAD9-E12E05577B35}.Debug|x86.ActiveCfg = Debug|Win32
		{522972AE-EC89-4D8A-AAD9-E12E05577B35}.Debug|x86.Build.0 = Debug|Win32
		{522972AE-EC89-4D8A-AAD9-E12E05577B35}.Release|x64.ActiveCfg = Release|x64
		{522972AE-EC89-4D8A-AAD9-E12E05577B35}.Release|x64.Build.0 = Release|x64
		{522972AE-EC89-4D8A-AAD9-E12E05577B35}.Release|x86.ActiveCfg = Release|Win32
		{522972AE-EC89-4D8A-AAD9-E12E05577B35}.Release|x86.Build.0 = Release|Win32
		{3C0514B2-7E1A-417C-857A-FA58D11C477F}.Debug|x64.ActiveCfg = Debug|x64
		{3C0514B2-7E1A-417C-857A-FA58D11C477F}.Debug|x64.Build.0 = Debug|x64
		{3C0514B2-7E1A-417C-857A-FA58D11C477F}.Debug|x86.ActiveCfg = Debug|Win32
		{3C0514B2-7E1A-417C-857A-FA58D11C477F}.Debug|x86.Build.0 = Debug|Win32
		{3C0514B2-7E1A-417C-857A-FA58D11C477F}.Release|x64.ActiveCfg = Release|x64
		{3C0514B2-7E1A-417C-857A-FA58D11C477F}.Release|x64.Build.0 = Release|x64
		{3C0514B2-7E1A-417C-857A-FA58D11C477F}.Release|x86.ActiveCfg = Release|Win32
		{3C0514B2-7E1A-417C-857A-FA58D11C477F}.Release|x86.Build.0 = Release|Win32
		{16B04CC6-5D83-4A6A-98A1-3081B4505477}.Debug|x64.ActiveCfg = Debug|x64
		{16B04CC6-5D83-4A6A-98A1-3081B4505477}.Debug|x64.Build.0 = Debug|x64
		{16B04CC6-5D83-4A6A-98A1-3081B4505477}.Debug|x86.ActiveCfg = Debug|Win32
		{16B04CC6-5D83-4A6A-98A1-3081B4505477}.Debug|x86.Build.0 = Debug|Win32
		{16B04CC6-5D83-4A6A-98A1-3081B4505477}.Release|x64.ActiveCfg = Release|x64
		{16B04CC6-5D83-4A6A-98A1-3081B4505477}.Release|x64.Build.0 = Release|x64
		{16B04CC6-5D83-4A6A-98A1-3081B4505477}.Release|x86.ActiveCfg = Release|Win32
		{16B04CC6-5D83-4A6A-98A1-3081B4505477}.Release|x86.Build.0 = Release|Win32
		{CE282A8F-5C73-4E03-88CA-298B604221C0}.Debug|x64.ActiveCfg = Debug|x64
		{CE282A8F-5C73-4E03-88CA-298B604221C0}.Debug|x64.Build.0 = Debug|x64
		{CE282A8F-5C73-4E03-88CA-298B604221C0}.Debug|x86.ActiveCfg = Debug|Win32
		{CE282A8F-5C73-4E03-88CA-298B604221C0}.Debug|x86.Build.0 = Debug|Win32
		{CE282A8F-5C73-4E03-88CA-298B604221C0}.Release|x64.ActiveCfg = Release|x64
		{CE282A8F-5C73-4E03-88CA-298B604221C0}.Release|x64.Build.0 = Release|x64
		{CE282A8F-5C73-4E03-88CA-298B604221C0}.Release|x86.ActiveCfg = Release|Win32
		{CE282A8F-5C73-4E03-88CA-298B604221C0}.Release|x86.Build.0 = Release|Win32
		{763D285D-78AD-471B-B4FA-C4B394B4371D}.Debug|x64.ActiveCfg = Debug|x64
		{763D285D-78AD-471B-B4FA-C4B394B4371D}.Debug|x64.Build.0 = Debug|x64
		{763D285D-78AD-471B-B4FA-C4B394B4371D}.Debug|x86.ActiveCfg = Debug|Win32
		{763D285D-78AD-471B-B4FA-C4B394B4371D}.Debug|x86.Build.0 = Debug|Win32
		{763D285D-78AD-471B-B4FA-C4B394B4371D}.Release|x64.ActiveCfg = Release|x64
		{763D285D-78AD-471B-B4FA-C4B394B4371D}.Release|x64.Build.0 = Release|x64
		{763D285D-78AD-471B-B4FA-C4B394B4371D}.Release|x86.ActiveCfg = Release|Win32
		{763D285D-78AD-471B-B4FA-C4B394B4371D}.Release|x86.Build.0 = Release|Win32
		{A567391F-2461-484F-BBC2-73201C199D9A}.Debug|x64.ActiveCfg = Debug|x64
		{A567391F-2461-484F-BBC2-73201C199D9A}.Debug|x64.Build.0 = Debug|x64
		{A567391F-2461-484F-BBC2-73201C199D9A}.Debug|x86.ActiveCfg = Debug|Win32
		{A567391F-2461-484F-BBC2-73201C199D9A}.Debug|x86.Build.0 = Debug|Win32
		{A567391F-2461-484F-BBC2-73201C199D9A}.Release|x64.ActiveCfg = Release|x64
		{A567391F-2461-484F-BBC2-73201C199D9A}.Release|x64.Build.0 = Release|x64
		{A567391F-2461-484F-BBC2-73201C199D9A}.Release|x86.ActiveCfg = Release|Win32
		{A567391F-2461-484F-BBC2-73201C199D9A}.Release|x86.Build.0 = Release|Win32
		{96899C04-0EF7-4181-9490-B1AE026B601F}.Debug|x64.ActiveCfg = Debug|x64
		{96899C04-0EF7-4181-9490-B1AE026B601F}.Debug|x64.Build.0 = Debug|x64
		{96899C04-0EF7-4181-9490-B1AE026B601F}.Debug|x86.ActiveCfg = Debug|Win32
		{96899C04-0EF7-4181-9490-B1AE026B601F}.Debug|x86.Build.0 = Debug|Win32
		{96899C04-0EF7-4181-9490-B1AE026B601F}.Release|x64.ActiveCfg = Release|x64
		{96899C04-0EF7-4181-9490-B1AE026B601F}.Release|x64.Build.0 = Release|x64
		{96899C04-0EF7-4181-9490-B1AE026B601F}.Release|x86.ActiveCfg = Release|Win32
		{96899C04-0EF7-4181-9490-B1AE026B601F}.Release|x86.Build.0 = Release|Win32
		{B1066B01-DDE1-484E-9D20-5D1BB0BA1E4A}.Debug|x64.ActiveCfg = Debug|x64
		{B1066B01-DDE1-484E-9D20-5D1BB0BA1E4A}.Debug|x64.Build.0 = Debug|x64
		{B1066B01-DDE1-484E-9D20-5D1BB0BA1E4A}.Debug|x86.ActiveCfg = Debug|Win32
		{B1066B01-DDE1-484E-9D20-5D1BB0BA1E4A}.Debug|x86.Build.0 = Debug|Win32
		{B1066B01-DDE1-484E-9D20-5D1BB0BA1E4A}.Release|x64.ActiveCfg = Release|x64
		{B1066B01-DDE1-484E-9D20-5D1BB0BA1E4A}.Release|x64.Build.0 = Release|x64
		{B1066B01-DDE1-484E-9D20-5D1BB0BA1E4A}.Release|x86.ActiveCfg = Release|Win32
		{B1066B01-DDE1-484E-9D20-5D1BB0BA1E4A}.Release|x86.Build.0 = Release|Win32
		{671D3B51-F812-4648-B6C6-D6DE26C418E5}.Debug|x64.ActiveCfg = Debug|x64
		{671D3B51-F812-4648-B6C6-D6DE26C418E5}.Debug|x64.Build.0 = Debug|x64
		{671D3B51-F812-4648-B6C6-D6DE26C418E5}.Debug|x86.ActiveCfg = Debug|Win32
		{671D3B51-F812-4648-B6C6-D6DE26C418E5}.Debug|x86.Build.0 = Debug|Win32
		{671D3B51-F812-4648-B6C6-D6DE26C418E5}.Release|x64.ActiveCfg = Release|x64
		{671D3B51-F812-4648-B6C6-D6DE26C418E5}.Release|x64.Build.0 = Release|x64
		{671D3B51-F812-4648-B6C6-D6DE26C418E5}.Release|x86.ActiveCfg = Release|Win32
		{671D3B51-F812-4648-B6C6-D6DE26C418E5}.Release|x86.Build.0 = Release|Win32
		{6C876ABB-2842-48AB-9B37-30CB49DAAAA9}.Debug|x64.ActiveCfg = Debug|x64
		{6C876ABB-2842-48AB-9B37-30CB49DAAAA9}.Debug|x64.Build.0 = Debug|x64
		{6C876ABB-2842-48AB-9B37-30CB49DAAAA9}.Debug|x86.ActiveCfg = Debug|Win32
		{6C876ABB-2842-48AB-9B37-30CB49DAAAA9}.Debug|x86.Build.0 = Debug|Win32
		{6C876ABB-2842-48AB-9B37-30CB49DAAAA9}.Release|x64.ActiveCfg = Release|x64
		{6C876ABB-2842-48AB-9B37-30CB49DAAAA9}.Release|x64.Build.0 = Release|x64
		{6C876ABB-2842-48AB-9B37-30CB49DAAAA9}.Release|x86.ActiveCfg = Release|Win32
		{6C876ABB-2842-48AB-9B37-30CB49DAAAA9}.Release|x86.Build.0 = Release|Win32
		{1FBFDA6F-CE2C-4BE1-A9CB-5BC5C51C97AB}.Debug|x64.ActiveCfg = Debug|x64
		{1FBFDA6F-CE2C-4BE1-A9CB-5BC5C51C97AB}.Debug|x64.Build.0 = Debug|x64
		{1FBFDA6F-CE2C-4BE1-A9CB-5BC5C51C97AB}.Debug|x86.ActiveCfg = Debug|Win32
		{1FBFDA6F-CE2C-4BE1-A9CB-5BC5C51C97AB}.Debug|x86.Build.0 = Debug|Win32
		{1FBFDA6F-CE2C-4BE1-A9CB-5BC5C51C97AB}.Release|x64.ActiveCfg = Release|x64
		{1FBFDA6F-CE2C-4BE1-A9CB-5BC5C51C97AB}.Release|x64.Build.0 = Release|x64
		{1FBFDA6F-CE2C-4BE1-A9CB-5BC5C51C97AB}.Release|x86.ActiveCfg = Release|Win32
		{1FBFDA6F-CE2C-4BE1-A9CB-5BC5C51C97AB}.Release|x86.Build.0 = Release|Win32
		{DF08C05E-90AF-49F2-BFEA-E4B09E8349F3}.Debug|x64.ActiveCfg = Debug|x64
		{DF08C05E-90AF-49F2-BFEA-E4B09E8349F3}.Debug|x64.Build.0 = Debug|x64
		{DF08C05E-90AF-49F2-BFEA-E4B09E8349F3}.Debug|x86.ActiveCfg = Debug|Win32
		{DF08C05E-90AF-49F2-BFEA-E4B09E8349F3}.Debug|x86.Build.0 = Debug|Win32
		{DF08C05E-90AF-49F2-BFEA-E4B09E8349F3}.Release|x64.ActiveCfg = Release|x64
		{DF08C05E-90AF-49F2-BFEA-E4B09E8349F3}.Release|x64.Build.0 = Release|x64
		{DF08C05E-90AF-49F2-BFEA-E4B09E8349F3}.Release|x86.ActiveCfg = Release|Win32
		{DF08C05E-90AF-49F2-BFEA-E4B09E8349F3}.Release|x86.Build.0 = Release|Win32
		{D071030B-A517-4403-B4A1-D530EFC2E2DA}.Debug|x64.ActiveCfg = Debug|x64
		{D071030B-A517-4403-B4A1-D530EFC2E2DA}.Debug|x64.Build.0 = Debug|x64
		{D071030B-A517-4403-B4A1-D530EFC2E2DA}.Debug|x86.ActiveCfg = Debug|Win32
		{D071030B-A517-4403-B4A1-D530EFC2E2DA}.Debug|x86.Build.0 = Debug|Win32
		{D071030B-A517-4403-B4A1-D530EFC2E2DA}.Release|x64.ActiveCfg = Release|x64
		{D071030B-A517-4403-B4A1-D530EFC2E2DA}.Release|x64.Build.0 = Release|x64
		{D071030B-A517-4403-B4A1-D530EFC2E2DA}.Release|x86.ActiveCfg = Release|Win32
		{D071030B-A517-4403-B4A1-D530EFC2E2DA}.Release|x86.Build.0 = Release|Win32
		{5443B4AE-9D00-406C-8AFB-5D0759BABCEC}.Debug|x64.ActiveCfg = Debug|x64
		{5443B4AE-9D00-406C-8AFB-5D0759BABCEC}.Debug|x64.Build.0 = Debug|x64
		{5443B4AE-9D00-406C-8AFB-5D0759BABCEC}.Debug|x86.ActiveCfg = Debug|Win32
		{5443B4AE-9D00-406C-8AFB-5D0759BABCEC}.Debug|x86.Build.0 = Debug|Win32
		{5443B4AE-9D00-406C-8AFB-5D0759BABCEC}.Release|x64.ActiveCfg = Release|x64
		{5443B4AE-9D00-406C-8AFB-5D0759BABCEC}.Release|x64.Build.0 = Release|x64
		{5443B4AE-9D00-406C-8AFB-5D0759BABCEC}.Release|x86.ActiveCfg = Release|Win32
		{5443B4AE-9D00-406C-8AFB-5D0759BABCEC}.Release|x86.Build.0 = Release|Win32
		{29D93B0F-9B1E-4A33-8496-03EF8ECEB2C4}.Debug|x64.ActiveCfg = Debug|x64
		{29D93B0F-9B1E-4A33-8496-03EF8ECEB2C4}.Debug|x64.Build.0 = Debug|x64
		{29D93B0F-9B1E-4A33-8496-03EF8ECEB2C4}.Debug|x86.ActiveCfg = Debug|Win32
		{29D93B0F-9B1E-4A33-8496-03EF8ECEB2C4}.Debug|x86.Build.0 = Debug|Win32
		{29D93B0F-9B1E-4A33-8496-03EF8ECEB2C4}.Release|x64.ActiveCfg = Release|x64
		{29D93B0F-9B1E-4A33-8496-03EF8ECEB2C4}.Release|x64.Build.0 = Release|x64
		{29D93B0F-9B1E-4A33-8496-03EF8ECEB2C4}.Release|x86.ActiveCfg = Release|Win32
		{29D93B0F-9B1E-4A33-8496-03EF8ECEB2C4}.Release|x86.Build.0 = Release|Win32
		{849C6844-FF54-4CCF-B243-579E1865CF22}.Debug|x64.ActiveCfg = Debug|x64
		{849C6844-FF54-4CCF-B243-579E1865CF22}.Debug|x64.Build.0 = Debug|x64
		{849C6844-FF54-4CCF-B243-579E1865CF22}.Debug|x86.ActiveCfg = Debug|Win32
		{849C6844-FF54-4CCF-B243-579E1865CF22}.Debug|x86.Build.0 = Debug|Win32
		{849C6844-FF54-4CCF-B243-579E1865CF22}.Release|x64.ActiveCfg = Release|x64
		{849C6844-FF54-4CCF-B243-579E1865CF22}.Release|x64.Build.0 = Release|x64
		{849C6844-FF54-4CCF-B243-579E1865CF22}.Release|x86.ActiveCfg = Release|Win32
		{849C6844-FF54-4CCF-B243-579E1865CF22}.Release|x86.Build.0 = Release|Win32
		{CA86FB1A-021A-40FC-901D-B693363750B9}.Debug|x64.ActiveCfg = Debug|x64
		{CA86FB1A-021A-40FC-901D-B693363750B9}.Debug|x64.Build.0 = Debug|x64
		{CA86FB1A-021A-40FC-901D-B693363750B9}.Debug|x86.ActiveCfg = Debug|Win32
		{CA86FB1A-021A-40FC-901D-B693363750B9}.Debug|x86.Build.0 = Debug|Win32
		{CA86FB1A-021A-40FC-901D-B693363750B9}.Release|x64.ActiveCfg = Release|x64
		{CA86FB1A-021A-40FC-901D-B693363750B9}.Release|x64.Build.0 = Release|x64
		{CA86FB1A-021A-40FC-901D-B693363750B9}.Release|x86.ActiveCfg = Release|Win32
		{CA86FB1A-021A-40FC-901D-B693363750B9}.Release|x86.Build.0 = Release|Win32
		{986DD189-55BB-44C6-8928-2AD12F59C2CD}.Debug|x64.ActiveCfg = Debug|x64
		{986DD189-55BB-44C6-8928-2AD12F59C2CD}.Debug|x64.Build.0 = Debug|x64
		{986DD189-55BB-44C6-8928-2AD12F59C2CD}.Debug|x86.ActiveCfg = Debug|Win32
		{986DD189-55BB-44C6-8928-2AD12F59C2CD}.Debug|x86.Build.0 = Debug|Win32
		{986DD189-55BB-44C6-8928-2AD12F59C2CD}.Release|x64.ActiveCfg = Release|x64
		{986DD189-55BB-44C6-8928-2AD12F59C2CD}.Release|x64.Build.0 = Release|x64
		{986DD189-55BB-44C6-8928-2AD12F59C2CD}.Release|x86.ActiveCfg = Release|Win32
		{986DD189-55BB-44C6-8928-2AD12F59C2CD}.Release|x86.Build.0 = Release|Win32
		{3D800D15-0A87-42F1-8AF0-52B173F51715}.Debug|x64.ActiveCfg = Debug|x64
		{3D800D15-0A87-42F1-8AF0-52B173F51715}.Debug|x64.Build.0 = Debug|x64
		{3D800D15-0A87-42F1-8AF0-52B173F51715}.Debug|x86.ActiveCfg = Debug|Win32
		{3D800D15-0A87-42F1-8AF0-52B173F51715}.Debug|x86.Build.0 = Debug|Win32
		{3D800D15-0A87-42F1-8AF0-52B173F51715}.Release|x64.ActiveCfg = Release|x64
		{3D800D15-0A87-42F1-8AF0-52B173F51715}.Release|x64.Build.0 = Release|x64
		{3D800D15-0A87-42F1-8AF0-52B173F51715}.Release|x86.ActiveCfg = Release|Win32
		{3D800D15-0A87-42F1-8AF0-52B173F51715}.Release|x86.Build.0 = Release|Win32
		{10E0CA63-A240-417C-86D2-DE63BCE7CD1A}.Debug|x64.ActiveCfg = Debug|x64
		{10E0CA63-A240-417C-86D2-DE63BCE7CD1A}.Debug|x64.Build.0 = Debug|x64
		{10E0CA63-A240-417C-86D2-DE63BCE7CD1A}.Debug|x86.ActiveCfg = Debug|Win32
		{10E0CA63-A240-417C-86D2-DE63BCE7CD1A}.Debug|x86.Build.0 = Debug|Win32
		{10E0CA63-A240-417C-86D2-DE63BCE7CD1A}.Release|x64.ActiveCfg = Release|x64
		{10E0CA63-A240-417C-86D2-DE63BCE7CD1A}.Release|x64.Build.0 = Release|x64
		{10E0CA63-A240-417C-86D2-DE63BCE7CD1A}.Release|x86.ActiveCfg = Release|Win32
		{10E0CA63-A240-417C-86D2-DE63BCE7CD1A}.Release|x86.Build.0 = Release|Win32
		{B271B70C-E434-42D0-8206-0E64A76C5A27}.Debug|x64.ActiveCfg = Debug|x64
		{B271B70C-E434-42D0-8206-0E64A76C5A27}.Debug|x64.Build.0 = Debug|x64
		{B271B70C-E434-42D0-8206-0E64A76C5A27}.Debug|x86.ActiveCfg = Debug|Win32
		{B271B70C-E434-42D0-8206-0E64A76C5A27}.Debug|x86.Build.0 = Debug|Win32
		{B271B70C-E434-42D0-8206-0E64A76C5A27}.Release|x64.ActiveCfg = Release|x64
		{B271B70C-E434-42D0-8206-0E64A76C5A27}.Release|x64.Build.0 = Release|x64
		{B271B70C-E434-42D0-8206-0E64A76C5A27}.Release|x86.ActiveCfg = Release|Win32
		{B271B70C-E434-42D0-8206-0E64A76C5A27}.Release|x86.Build.0 = Release|Win32
		{18B9A1D9-C88E-4A73-9109-AF7A3725AE74}.Debug|x64.ActiveCfg = Debug|x64
		{18B9A1D9-C88E-4A73-9109-AF7A3725AE74}.Debug|x64.Build.0 = Debug|x64
		{18B9A1D9-C88E-4A73-9109-AF7A3725AE74}.Debug|x86.ActiveCfg = Debug|Win32
		{18B9A1D9-C88E-4A73-9109-AF7A3725AE74}.Debug|x86.Build.0 = Debug|Win32
		{18B9A1D9-C88E-4A73-9109-AF7A3725AE74}.Release|x64.ActiveCfg = Release|x64
		{18B9A1D9-C88E-4A73-9109-AF7A3725AE74}.Release|x64.Build.0 = Release|x64
		{18B9A1D9-C88E-4A73-9109-AF7A3725AE74}.Release|x86.ActiveCfg = Release|Win32
		{18B9A1D9-C88E-4A73-9109-AF7A3725AE74}.Release|x86.Build.0 = Release|Win32
		{3F59110A-A519-449E-9117-56F303170323}.Debug|x64.ActiveCfg = Debug|x64
		{3F59110A-A519-449E-9117-56F303170323}.Debug|x64.Build.0 = Debug|x64
		{3F59110A-A519-449E-9117-56F303170323}.Debug|x86.ActiveCfg = Debug|Win32
		{3F59110A-A519-449E-9117-56F303170323}.Debug|x86.Build.0 = Debug|Win32
		{3F59110A-A519-449E-9117-56F303170323}.Release|x64.ActiveCfg = Release|x64
		{3F59110A-A519-449E-9117-56F303170323}.Release|x64.Build.0 = Release|x64
		{3F59110A-A519-449E-9117-56F303170323}.Release|x86.ActiveCfg = Release|Win32
		{3F59110A-A519-449E-9117-56F303170323}.Release|x86.Build.0 = Release|Win32
		{A4BC166C-FFCD-4FE0-A2CD-A1D1B0B7D6B8}.Debug|x64.ActiveCfg = Debug|x64
		{A4BC166C-FFCD-4FE0-A2CD-A1D1B0B7D6B8}.Debug|x64.Build.0 = Debug|x64
		{A4BC166C-FFCD-4FE0-A2CD-A1D1B0B7D6B8}.Debug|x86.ActiveCfg = Debug|Win32
		{A4BC166C-FFCD-4FE0-A2CD-A1D1B0B7D6B8}.Debug|x86.Build.0 = Debug|Win32
		{A4BC166C-FFCD-4FE0-A2CD-A1D1B0B7D6B8}.Release|x64.ActiveCfg = Release|x64
		{A4BC166C-FFCD-4FE0-A2CD-A1D1B0B7D6B8}.Release|x64.Build.0 = Release|x64
		{A4BC166C-FFCD-4FE0-A2CD-A1D1B0B7D6B8}.Release|x86.ActiveCfg = Release|Win32
		{A4BC166C-FFCD-4FE0-A2CD-A1D1B0B7D6B8}.Release|x86.Build.0 = Release|Win32
		{4673DF65-8641-4A83-8619-E10CB9989B2C}.Debug|x64.ActiveCfg = Debug|x64
		{4673DF65-8641-4A83-8619-E10CB9989B2C}.Debug|x64.Build.0 = Debug|x64
		{4673DF65-8641-4A83-8619-E10CB9989B2C}.Debug|x86.ActiveCfg = Debug|Win32
		{4673DF65-8641-4A83-8619-E10CB9989B2C}.Debug|x86.Build.0 = Debug|Win32
		{4673DF65-8641-4A83-8619-E10CB9989B2C}.Release|x64.ActiveCfg = Release|x64
		{4673DF65-8641-4A83-8619-E10CB9989B2C}.Release|x64.Build.0 = Release|x64
		{4673DF65-8641-4A83-8619-E10CB9989B2C}.Release|x86.ActiveCfg = Release|Win32
		{4673DF65-8641-4A83-8619-E10CB9989B2C}.Release|x86.Build.0 = Release|Win32
		{54A85517-2E2B-4BA9-939E-F8E87563C1D7}.Debug|x64.ActiveCfg = Debug|x64
		{54A85517-2E2B-4BA9-939E-F8E87563C1D7}.Debug|x64.Build.0 = Debug|x64
		{54A85517-2E2B-4BA9-939E-F8E87563C1D7}.Debug|x86.ActiveCfg = Debug|Win32
		{54A85517-2E2B-4BA9-939E-F8E87563C1D7}.Debug|x86.Build.0 = Debug|Win32
		{54A85517-2E2B-4BA9-939E-F8E87563C1D7}.Release|x64.ActiveCfg = Release|x64
		{54A85517-2E2B-4BA9-939E-F8E87563C1D7}.Release|x64.Build.0 = Release|x64
		{54A85517-2E2B-4BA9-939E-F8E87563C1D7}.Release|x86.ActiveCfg = Release|Win32
		{54A85517-2E2B-4BA9-939E-F8E87563C1D7}.Release|x86.Build.0 = Release|Win32
	EndGlobalSection
	GlobalSection(SolutionProperties) = preSolution
		HideSolutionNode = FALSE
	EndGlobalSection
	GlobalSection(ExtensibilityGlobals) = postSolution
		SolutionGuid = {F4B81A66-96AB-4CE6-8844-29EB8B67DBBC}
	EndGlobalSection
EndGlobal
